// !$*UTF8*$!
{
	archiveVersion = 1;
	classes = {
	};
	objectVersion = 46;
	objects = {

/* Begin PBXBuildFile section */
		6BF43A0A261F2E4DFCDC3068 /* Pods.framework in Frameworks */ = {isa = PBXBuildFile; fileRef = 38B17328A25E1B0324F1A502 /* Pods.framework */; settings = {ATTRIBUTES = (Weak, ); }; };
		D5118F791ACAD3CD003B426F /* Resources in Resources */ = {isa = PBXBuildFile; fileRef = D5118F781ACAD3CD003B426F /* Resources */; };
		D5118F7B1ACB3AAC003B426F /* Config.swift in Sources */ = {isa = PBXBuildFile; fileRef = D5118F7A1ACB3AAC003B426F /* Config.swift */; };
		D5118F7D1ACB3ADE003B426F /* ConfigSpec.swift in Sources */ = {isa = PBXBuildFile; fileRef = D5118F7C1ACB3ADE003B426F /* ConfigSpec.swift */; };
		D54C05061ACF68C900B72977 /* Parser.swift in Sources */ = {isa = PBXBuildFile; fileRef = D54C05041ACF68C900B72977 /* Parser.swift */; };
		D54C05071ACF68C900B72977 /* Provider.swift in Sources */ = {isa = PBXBuildFile; fileRef = D54C05051ACF68C900B72977 /* Provider.swift */; };
		D54C050B1ACF691F00B72977 /* ParserSpec.swift in Sources */ = {isa = PBXBuildFile; fileRef = D54C05091ACF691F00B72977 /* ParserSpec.swift */; };
		D54C050C1ACF691F00B72977 /* ProviderSpec.swift in Sources */ = {isa = PBXBuildFile; fileRef = D54C050A1ACF691F00B72977 /* ProviderSpec.swift */; };
		D58D6FBC1ACEE54D006DBD0B /* AddressSpec.swift in Sources */ = {isa = PBXBuildFile; fileRef = D58D6FBB1ACEE54D006DBD0B /* AddressSpec.swift */; };
		D58D6FBE1ACEE611006DBD0B /* Address.swift in Sources */ = {isa = PBXBuildFile; fileRef = D58D6FBD1ACEE611006DBD0B /* Address.swift */; };
		D58D6FC01ACEF36F006DBD0B /* Generator.swift in Sources */ = {isa = PBXBuildFile; fileRef = D58D6FBF1ACEF36F006DBD0B /* Generator.swift */; };
		D58D6FC21ACEF424006DBD0B /* GeneratorSpec.swift in Sources */ = {isa = PBXBuildFile; fileRef = D58D6FC11ACEF424006DBD0B /* GeneratorSpec.swift */; };
		D58D6FC41ACF5E04006DBD0B /* Faker.swift in Sources */ = {isa = PBXBuildFile; fileRef = D58D6FC31ACF5E04006DBD0B /* Faker.swift */; };
		D5E199FE1ACF738700BD1A40 /* FakerSpec.swift in Sources */ = {isa = PBXBuildFile; fileRef = D5E199FD1ACF738700BD1A40 /* FakerSpec.swift */; };
		D5E19A001ACF75C500BD1A40 /* App.swift in Sources */ = {isa = PBXBuildFile; fileRef = D5E199FF1ACF75C500BD1A40 /* App.swift */; };
		D5E19A021ACF764E00BD1A40 /* AppSpec.swift in Sources */ = {isa = PBXBuildFile; fileRef = D5E19A011ACF764E00BD1A40 /* AppSpec.swift */; };
		D5E19A081AD0329200BD1A40 /* Name.swift in Sources */ = {isa = PBXBuildFile; fileRef = D5E19A071AD0329200BD1A40 /* Name.swift */; };
		D5E19A0A1AD032A600BD1A40 /* NameSpec.swift in Sources */ = {isa = PBXBuildFile; fileRef = D5E19A091AD032A600BD1A40 /* NameSpec.swift */; };
/* End PBXBuildFile section */

/* Begin PBXFileReference section */
		146D72AC1AB782920058798C /* Tests.xctest */ = {isa = PBXFileReference; explicitFileType = wrapper.cfbundle; includeInIndex = 0; path = Tests.xctest; sourceTree = BUILT_PRODUCTS_DIR; };
		146D72B11AB782920058798C /* Info.plist */ = {isa = PBXFileReference; lastKnownFileType = text.plist.xml; path = Info.plist; sourceTree = "<group>"; };
		14C136511AB784B200B7B07A /* .travis.yml */ = {isa = PBXFileReference; fileEncoding = 4; lastKnownFileType = text; name = .travis.yml; path = ../.travis.yml; sourceTree = "<group>"; };
		14C136521AB784B200B7B07A /* CONTRIBUTING.md */ = {isa = PBXFileReference; fileEncoding = 4; lastKnownFileType = net.daringfireball.markdown; name = CONTRIBUTING.md; path = ../CONTRIBUTING.md; sourceTree = "<group>"; };
		14C136541AB784B200B7B07A /* LICENSE.md */ = {isa = PBXFileReference; fileEncoding = 4; lastKnownFileType = net.daringfireball.markdown; name = LICENSE.md; path = ../LICENSE.md; sourceTree = "<group>"; };
		14C136551AB784B200B7B07A /* README.md */ = {isa = PBXFileReference; fileEncoding = 4; lastKnownFileType = net.daringfireball.markdown; name = README.md; path = ../README.md; sourceTree = "<group>"; };
		38B17328A25E1B0324F1A502 /* Pods.framework */ = {isa = PBXFileReference; explicitFileType = wrapper.framework; includeInIndex = 0; path = Pods.framework; sourceTree = BUILT_PRODUCTS_DIR; };
		CD9BA88A390D354C5A62FB27 /* Pods.debug.xcconfig */ = {isa = PBXFileReference; includeInIndex = 1; lastKnownFileType = text.xcconfig; name = Pods.debug.xcconfig; path = "Pods/Target Support Files/Pods/Pods.debug.xcconfig"; sourceTree = "<group>"; };
		D5118F781ACAD3CD003B426F /* Resources */ = {isa = PBXFileReference; lastKnownFileType = folder; name = Resources; path = ../Resources; sourceTree = "<group>"; };
		D5118F7A1ACB3AAC003B426F /* Config.swift */ = {isa = PBXFileReference; fileEncoding = 4; lastKnownFileType = sourcecode.swift; path = Config.swift; sourceTree = "<group>"; };
		D5118F7C1ACB3ADE003B426F /* ConfigSpec.swift */ = {isa = PBXFileReference; fileEncoding = 4; lastKnownFileType = sourcecode.swift; path = ConfigSpec.swift; sourceTree = "<group>"; };
		D54C05041ACF68C900B72977 /* Parser.swift */ = {isa = PBXFileReference; fileEncoding = 4; lastKnownFileType = sourcecode.swift; path = Parser.swift; sourceTree = "<group>"; };
		D54C05051ACF68C900B72977 /* Provider.swift */ = {isa = PBXFileReference; fileEncoding = 4; lastKnownFileType = sourcecode.swift; path = Provider.swift; sourceTree = "<group>"; };
		D54C05091ACF691F00B72977 /* ParserSpec.swift */ = {isa = PBXFileReference; fileEncoding = 4; lastKnownFileType = sourcecode.swift; path = ParserSpec.swift; sourceTree = "<group>"; };
		D54C050A1ACF691F00B72977 /* ProviderSpec.swift */ = {isa = PBXFileReference; fileEncoding = 4; lastKnownFileType = sourcecode.swift; path = ProviderSpec.swift; sourceTree = "<group>"; };
		D58D6FBB1ACEE54D006DBD0B /* AddressSpec.swift */ = {isa = PBXFileReference; fileEncoding = 4; lastKnownFileType = sourcecode.swift; path = AddressSpec.swift; sourceTree = "<group>"; };
		D58D6FBD1ACEE611006DBD0B /* Address.swift */ = {isa = PBXFileReference; fileEncoding = 4; lastKnownFileType = sourcecode.swift; path = Address.swift; sourceTree = "<group>"; };
		D58D6FBF1ACEF36F006DBD0B /* Generator.swift */ = {isa = PBXFileReference; fileEncoding = 4; lastKnownFileType = sourcecode.swift; path = Generator.swift; sourceTree = "<group>"; };
		D58D6FC11ACEF424006DBD0B /* GeneratorSpec.swift */ = {isa = PBXFileReference; fileEncoding = 4; lastKnownFileType = sourcecode.swift; path = GeneratorSpec.swift; sourceTree = "<group>"; };
		D58D6FC31ACF5E04006DBD0B /* Faker.swift */ = {isa = PBXFileReference; fileEncoding = 4; lastKnownFileType = sourcecode.swift; path = Faker.swift; sourceTree = "<group>"; };
		D5E199FD1ACF738700BD1A40 /* FakerSpec.swift */ = {isa = PBXFileReference; fileEncoding = 4; lastKnownFileType = sourcecode.swift; path = FakerSpec.swift; sourceTree = "<group>"; };
		D5E199FF1ACF75C500BD1A40 /* App.swift */ = {isa = PBXFileReference; fileEncoding = 4; lastKnownFileType = sourcecode.swift; path = App.swift; sourceTree = "<group>"; };
		D5E19A011ACF764E00BD1A40 /* AppSpec.swift */ = {isa = PBXFileReference; fileEncoding = 4; lastKnownFileType = sourcecode.swift; path = AppSpec.swift; sourceTree = "<group>"; };
		D5E19A071AD0329200BD1A40 /* Name.swift */ = {isa = PBXFileReference; fileEncoding = 4; lastKnownFileType = sourcecode.swift; path = Name.swift; sourceTree = "<group>"; };
		D5E19A091AD032A600BD1A40 /* NameSpec.swift */ = {isa = PBXFileReference; fileEncoding = 4; lastKnownFileType = sourcecode.swift; path = NameSpec.swift; sourceTree = "<group>"; };
		D89F5291001233A403C41710 /* Pods.release.xcconfig */ = {isa = PBXFileReference; includeInIndex = 1; lastKnownFileType = text.xcconfig; name = Pods.release.xcconfig; path = "Pods/Target Support Files/Pods/Pods.release.xcconfig"; sourceTree = "<group>"; };
/* End PBXFileReference section */

/* Begin PBXFrameworksBuildPhase section */
		146D72A91AB782920058798C /* Frameworks */ = {
			isa = PBXFrameworksBuildPhase;
			buildActionMask = 2147483647;
			files = (
				6BF43A0A261F2E4DFCDC3068 /* Pods.framework in Frameworks */,
			);
			runOnlyForDeploymentPostprocessing = 0;
		};
/* End PBXFrameworksBuildPhase section */

/* Begin PBXGroup section */
		146D728A1AB782920058798C = {
			isa = PBXGroup;
			children = (
				D5118F781ACAD3CD003B426F /* Resources */,
				14C136501AB7849300B7B07A /* Metadata */,
				14C1365B1AB784BC00B7B07A /* Source */,
				146D72AF1AB782920058798C /* Tests */,
				146D72941AB782920058798C /* Products */,
				B3290C0630BD80DFF64DAB2E /* Pods */,
				6B9F644C3BBF5D02DCB76D82 /* Frameworks */,
			);
			sourceTree = "<group>";
		};
		146D72941AB782920058798C /* Products */ = {
			isa = PBXGroup;
			children = (
				146D72AC1AB782920058798C /* Tests.xctest */,
			);
			name = Products;
			sourceTree = "<group>";
		};
		146D72AF1AB782920058798C /* Tests */ = {
			isa = PBXGroup;
			children = (
				D56F592F1AC9DC9F000D2794 /* Specs */,
				146D72B01AB782920058798C /* Supporting Files */,
			);
			path = Tests;
			sourceTree = "<group>";
		};
		146D72B01AB782920058798C /* Supporting Files */ = {
			isa = PBXGroup;
			children = (
				146D72B11AB782920058798C /* Info.plist */,
			);
			name = "Supporting Files";
			sourceTree = "<group>";
		};
		14C136501AB7849300B7B07A /* Metadata */ = {
			isa = PBXGroup;
			children = (
				14C136511AB784B200B7B07A /* .travis.yml */,
				14C136521AB784B200B7B07A /* CONTRIBUTING.md */,
				14C136541AB784B200B7B07A /* LICENSE.md */,
				14C136551AB784B200B7B07A /* README.md */,
			);
			name = Metadata;
			sourceTree = "<group>";
		};
		14C1365B1AB784BC00B7B07A /* Source */ = {
			isa = PBXGroup;
			children = (
				D54C05031ACF689D00B72977 /* Data */,
				D58D6FB91ACEE4A4006DBD0B /* Generators */,
				D5118F7A1ACB3AAC003B426F /* Config.swift */,
				D58D6FC31ACF5E04006DBD0B /* Faker.swift */,
			);
			name = Source;
			path = ../Source;
			sourceTree = "<group>";
		};
		6B9F644C3BBF5D02DCB76D82 /* Frameworks */ = {
			isa = PBXGroup;
			children = (
				38B17328A25E1B0324F1A502 /* Pods.framework */,
			);
			name = Frameworks;
			sourceTree = "<group>";
		};
		B3290C0630BD80DFF64DAB2E /* Pods */ = {
			isa = PBXGroup;
			children = (
				CD9BA88A390D354C5A62FB27 /* Pods.debug.xcconfig */,
				D89F5291001233A403C41710 /* Pods.release.xcconfig */,
			);
			name = Pods;
			sourceTree = "<group>";
		};
		D54C05031ACF689D00B72977 /* Data */ = {
			isa = PBXGroup;
			children = (
				D54C05041ACF68C900B72977 /* Parser.swift */,
				D54C05051ACF68C900B72977 /* Provider.swift */,
			);
			path = Data;
			sourceTree = "<group>";
		};
		D54C05081ACF68F700B72977 /* Data */ = {
			isa = PBXGroup;
			children = (
				D54C05091ACF691F00B72977 /* ParserSpec.swift */,
				D54C050A1ACF691F00B72977 /* ProviderSpec.swift */,
			);
			path = Data;
			sourceTree = "<group>";
		};
		D56F592F1AC9DC9F000D2794 /* Specs */ = {
			isa = PBXGroup;
			children = (
				D54C05081ACF68F700B72977 /* Data */,
				D58D6FBA1ACEE535006DBD0B /* Generators */,
				D5118F7C1ACB3ADE003B426F /* ConfigSpec.swift */,
				D5E199FD1ACF738700BD1A40 /* FakerSpec.swift */,
			);
			path = Specs;
			sourceTree = "<group>";
		};
		D58D6FB91ACEE4A4006DBD0B /* Generators */ = {
			isa = PBXGroup;
			children = (
				D58D6FBF1ACEF36F006DBD0B /* Generator.swift */,
				D58D6FBD1ACEE611006DBD0B /* Address.swift */,
				D5E199FF1ACF75C500BD1A40 /* App.swift */,
				D5E19A071AD0329200BD1A40 /* Name.swift */,
			);
			path = Generators;
			sourceTree = "<group>";
		};
		D58D6FBA1ACEE535006DBD0B /* Generators */ = {
			isa = PBXGroup;
			children = (
				D58D6FC11ACEF424006DBD0B /* GeneratorSpec.swift */,
				D58D6FBB1ACEE54D006DBD0B /* AddressSpec.swift */,
				D5E19A011ACF764E00BD1A40 /* AppSpec.swift */,
				D5E19A091AD032A600BD1A40 /* NameSpec.swift */,
			);
			path = Generators;
			sourceTree = "<group>";
		};
/* End PBXGroup section */

/* Begin PBXNativeTarget section */
		146D72AB1AB782920058798C /* Tests */ = {
			isa = PBXNativeTarget;
			buildConfigurationList = 146D72B91AB782920058798C /* Build configuration list for PBXNativeTarget "Tests" */;
			buildPhases = (
				86B0AB9BF93741934BE5A22B /* Check Pods Manifest.lock */,
				146D72A81AB782920058798C /* Sources */,
				146D72A91AB782920058798C /* Frameworks */,
				146D72AA1AB782920058798C /* Resources */,
				E6E566703A1EF0B51250273C /* Embed Pods Frameworks */,
				8F77C1E955DC64ED295408BE /* Copy Pods Resources */,
			);
			buildRules = (
			);
			dependencies = (
			);
			name = Tests;
			productName = PodTests;
			productReference = 146D72AC1AB782920058798C /* Tests.xctest */;
			productType = "com.apple.product-type.bundle.unit-test";
		};
/* End PBXNativeTarget section */

/* Begin PBXProject section */
		146D728B1AB782920058798C /* Project object */ = {
			isa = PBXProject;
			attributes = {
				LastUpgradeCheck = 0620;
				ORGANIZATIONNAME = Example;
				TargetAttributes = {
					146D72AB1AB782920058798C = {
						CreatedOnToolsVersion = 6.2;
					};
				};
			};
			buildConfigurationList = 146D728E1AB782920058798C /* Build configuration list for PBXProject "Pod" */;
			compatibilityVersion = "Xcode 3.2";
			developmentRegion = English;
			hasScannedForEncodings = 0;
			knownRegions = (
				en,
				Base,
			);
			mainGroup = 146D728A1AB782920058798C;
			productRefGroup = 146D72941AB782920058798C /* Products */;
			projectDirPath = "";
			projectRoot = "";
			targets = (
				146D72AB1AB782920058798C /* Tests */,
			);
		};
/* End PBXProject section */

/* Begin PBXResourcesBuildPhase section */
		146D72AA1AB782920058798C /* Resources */ = {
			isa = PBXResourcesBuildPhase;
			buildActionMask = 2147483647;
			files = (
				D5118F791ACAD3CD003B426F /* Resources in Resources */,
			);
			runOnlyForDeploymentPostprocessing = 0;
		};
/* End PBXResourcesBuildPhase section */

/* Begin PBXShellScriptBuildPhase section */
		86B0AB9BF93741934BE5A22B /* Check Pods Manifest.lock */ = {
			isa = PBXShellScriptBuildPhase;
			buildActionMask = 2147483647;
			files = (
			);
			inputPaths = (
			);
			name = "Check Pods Manifest.lock";
			outputPaths = (
			);
			runOnlyForDeploymentPostprocessing = 0;
			shellPath = /bin/sh;
			shellScript = "diff \"${PODS_ROOT}/../Podfile.lock\" \"${PODS_ROOT}/Manifest.lock\" > /dev/null\nif [[ $? != 0 ]] ; then\n    cat << EOM\nerror: The sandbox is not in sync with the Podfile.lock. Run 'pod install' or update your CocoaPods installation.\nEOM\n    exit 1\nfi\n";
			showEnvVarsInLog = 0;
		};
		8F77C1E955DC64ED295408BE /* Copy Pods Resources */ = {
			isa = PBXShellScriptBuildPhase;
			buildActionMask = 2147483647;
			files = (
			);
			inputPaths = (
			);
			name = "Copy Pods Resources";
			outputPaths = (
			);
			runOnlyForDeploymentPostprocessing = 0;
			shellPath = /bin/sh;
			shellScript = "\"${SRCROOT}/Pods/Target Support Files/Pods/Pods-resources.sh\"\n";
			showEnvVarsInLog = 0;
		};
		E6E566703A1EF0B51250273C /* Embed Pods Frameworks */ = {
			isa = PBXShellScriptBuildPhase;
			buildActionMask = 2147483647;
			files = (
			);
			inputPaths = (
			);
			name = "Embed Pods Frameworks";
			outputPaths = (
			);
			runOnlyForDeploymentPostprocessing = 0;
			shellPath = /bin/sh;
			shellScript = "\"${SRCROOT}/Pods/Target Support Files/Pods/Pods-frameworks.sh\"\n";
			showEnvVarsInLog = 0;
		};
/* End PBXShellScriptBuildPhase section */

/* Begin PBXSourcesBuildPhase section */
		146D72A81AB782920058798C /* Sources */ = {
			isa = PBXSourcesBuildPhase;
			buildActionMask = 2147483647;
			files = (
				D5E19A001ACF75C500BD1A40 /* App.swift in Sources */,
				D58D6FBE1ACEE611006DBD0B /* Address.swift in Sources */,
				D58D6FC01ACEF36F006DBD0B /* Generator.swift in Sources */,
				D54C05061ACF68C900B72977 /* Parser.swift in Sources */,
				D5E19A021ACF764E00BD1A40 /* AppSpec.swift in Sources */,
				D5E19A0A1AD032A600BD1A40 /* NameSpec.swift in Sources */,
				D5118F7D1ACB3ADE003B426F /* ConfigSpec.swift in Sources */,
				D58D6FC21ACEF424006DBD0B /* GeneratorSpec.swift in Sources */,
				D5118F7B1ACB3AAC003B426F /* Config.swift in Sources */,
				D54C05071ACF68C900B72977 /* Provider.swift in Sources */,
				D5E19A081AD0329200BD1A40 /* Name.swift in Sources */,
				D54C050B1ACF691F00B72977 /* ParserSpec.swift in Sources */,
				D58D6FC41ACF5E04006DBD0B /* Faker.swift in Sources */,
				D58D6FBC1ACEE54D006DBD0B /* AddressSpec.swift in Sources */,
				D5E199FE1ACF738700BD1A40 /* FakerSpec.swift in Sources */,
				D54C050C1ACF691F00B72977 /* ProviderSpec.swift in Sources */,
			);
			runOnlyForDeploymentPostprocessing = 0;
		};
/* End PBXSourcesBuildPhase section */

/* Begin XCBuildConfiguration section */
		146D72B41AB782920058798C /* Debug */ = {
			isa = XCBuildConfiguration;
			buildSettings = {
				ALWAYS_SEARCH_USER_PATHS = NO;
				CLANG_CXX_LANGUAGE_STANDARD = "gnu++0x";
				CLANG_CXX_LIBRARY = "libc++";
				CLANG_ENABLE_MODULES = YES;
				CLANG_ENABLE_OBJC_ARC = YES;
				CLANG_WARN_BOOL_CONVERSION = YES;
				CLANG_WARN_CONSTANT_CONVERSION = YES;
				CLANG_WARN_DIRECT_OBJC_ISA_USAGE = YES_ERROR;
				CLANG_WARN_EMPTY_BODY = YES;
				CLANG_WARN_ENUM_CONVERSION = YES;
				CLANG_WARN_INT_CONVERSION = YES;
				CLANG_WARN_OBJC_ROOT_CLASS = YES_ERROR;
				CLANG_WARN_UNREACHABLE_CODE = YES;
				CLANG_WARN__DUPLICATE_METHOD_MATCH = YES;
				"CODE_SIGN_IDENTITY[sdk=iphoneos*]" = "iPhone Developer";
				COPY_PHASE_STRIP = NO;
				ENABLE_STRICT_OBJC_MSGSEND = YES;
				GCC_C_LANGUAGE_STANDARD = gnu99;
				GCC_DYNAMIC_NO_PIC = NO;
				GCC_OPTIMIZATION_LEVEL = 0;
				GCC_PREPROCESSOR_DEFINITIONS = (
					"DEBUG=1",
					"$(inherited)",
				);
				GCC_SYMBOLS_PRIVATE_EXTERN = NO;
				GCC_WARN_64_TO_32_BIT_CONVERSION = YES;
				GCC_WARN_ABOUT_RETURN_TYPE = YES_ERROR;
				GCC_WARN_UNDECLARED_SELECTOR = YES;
				GCC_WARN_UNINITIALIZED_AUTOS = YES_AGGRESSIVE;
				GCC_WARN_UNUSED_FUNCTION = YES;
				GCC_WARN_UNUSED_VARIABLE = YES;
				IPHONEOS_DEPLOYMENT_TARGET = 8.2;
				MTL_ENABLE_DEBUG_INFO = YES;
				ONLY_ACTIVE_ARCH = YES;
				SDKROOT = iphoneos;
			};
			name = Debug;
		};
		146D72B51AB782920058798C /* Release */ = {
			isa = XCBuildConfiguration;
			buildSettings = {
				ALWAYS_SEARCH_USER_PATHS = NO;
				CLANG_CXX_LANGUAGE_STANDARD = "gnu++0x";
				CLANG_CXX_LIBRARY = "libc++";
				CLANG_ENABLE_MODULES = YES;
				CLANG_ENABLE_OBJC_ARC = YES;
				CLANG_WARN_BOOL_CONVERSION = YES;
				CLANG_WARN_CONSTANT_CONVERSION = YES;
				CLANG_WARN_DIRECT_OBJC_ISA_USAGE = YES_ERROR;
				CLANG_WARN_EMPTY_BODY = YES;
				CLANG_WARN_ENUM_CONVERSION = YES;
				CLANG_WARN_INT_CONVERSION = YES;
				CLANG_WARN_OBJC_ROOT_CLASS = YES_ERROR;
				CLANG_WARN_UNREACHABLE_CODE = YES;
				CLANG_WARN__DUPLICATE_METHOD_MATCH = YES;
				"CODE_SIGN_IDENTITY[sdk=iphoneos*]" = "iPhone Developer";
				COPY_PHASE_STRIP = NO;
				ENABLE_NS_ASSERTIONS = NO;
				ENABLE_STRICT_OBJC_MSGSEND = YES;
				GCC_C_LANGUAGE_STANDARD = gnu99;
				GCC_WARN_64_TO_32_BIT_CONVERSION = YES;
				GCC_WARN_ABOUT_RETURN_TYPE = YES_ERROR;
				GCC_WARN_UNDECLARED_SELECTOR = YES;
				GCC_WARN_UNINITIALIZED_AUTOS = YES_AGGRESSIVE;
				GCC_WARN_UNUSED_FUNCTION = YES;
				GCC_WARN_UNUSED_VARIABLE = YES;
				IPHONEOS_DEPLOYMENT_TARGET = 8.2;
				MTL_ENABLE_DEBUG_INFO = NO;
				SDKROOT = iphoneos;
				VALIDATE_PRODUCT = YES;
			};
			name = Release;
		};
		146D72BA1AB782920058798C /* Debug */ = {
			isa = XCBuildConfiguration;
			baseConfigurationReference = CD9BA88A390D354C5A62FB27 /* Pods.debug.xcconfig */;
			buildSettings = {
				CLANG_ENABLE_MODULES = YES;
				FRAMEWORK_SEARCH_PATHS = (
					"$(SDKROOT)/Developer/Library/Frameworks",
					"$(inherited)",
				);
				GCC_PREPROCESSOR_DEFINITIONS = (
					"DEBUG=1",
					"$(inherited)",
				);
				INFOPLIST_FILE = Tests/Info.plist;
				LD_RUNPATH_SEARCH_PATHS = "$(inherited) @executable_path/Frameworks @loader_path/Frameworks";
				PRODUCT_NAME = "$(TARGET_NAME)";
				SWIFT_OPTIMIZATION_LEVEL = "-Onone";
			};
			name = Debug;
		};
		146D72BB1AB782920058798C /* Release */ = {
			isa = XCBuildConfiguration;
			baseConfigurationReference = D89F5291001233A403C41710 /* Pods.release.xcconfig */;
			buildSettings = {
				CLANG_ENABLE_MODULES = YES;
				FRAMEWORK_SEARCH_PATHS = (
					"$(SDKROOT)/Developer/Library/Frameworks",
					"$(inherited)",
				);
				INFOPLIST_FILE = Tests/Info.plist;
				LD_RUNPATH_SEARCH_PATHS = "$(inherited) @executable_path/Frameworks @loader_path/Frameworks";
				PRODUCT_NAME = "$(TARGET_NAME)";
			};
			name = Release;
		};
/* End XCBuildConfiguration section */

/* Begin XCConfigurationList section */
		146D728E1AB782920058798C /* Build configuration list for PBXProject "Pod" */ = {
			isa = XCConfigurationList;
			buildConfigurations = (
				146D72B41AB782920058798C /* Debug */,
				146D72B51AB782920058798C /* Release */,
			);
			defaultConfigurationIsVisible = 0;
			defaultConfigurationName = Release;
		};
		146D72B91AB782920058798C /* Build configuration list for PBXNativeTarget "Tests" */ = {
			isa = XCConfigurationList;
			buildConfigurations = (
				146D72BA1AB782920058798C /* Debug */,
				146D72BB1AB782920058798C /* Release */,
			);
			defaultConfigurationIsVisible = 0;
			defaultConfigurationName = Release;
		};
/* End XCConfigurationList section */
	};
	rootObject = 146D728B1AB782920058798C /* Project object */;
}
