PODS:
  - Nimble (0.3.1)
  - Quick (0.2.2)
  - SwiftyJSON (2.1.3)

DEPENDENCIES:
  - Nimble (~> 0.3.0)
  - Quick (~> 0.2.2)
  - SwiftyJSON (~> 2.1.3)

SPEC CHECKSUMS:
  Nimble: 1b3c765852d63b9540a91e528e1e4f8afab79b6f
  Quick: 1bda8b4c8d43f6b4dd69ca001918b1767b3c9c93
  SwiftyJSON: a561c2a840121085bec8a2dfeac97a360fc66901

COCOAPODS: 0.36.1
