PODS:
  - Nimble (2.0.0-rc.3)
  - Quick (0.6.0)
  - SwiftyJSON (2.3.0)

DEPENDENCIES:
  - Nimble (= 2.0.0-rc.3)
  - Quick (= 0.6.0)
  - SwiftyJSON (= 2.3.0)

SPEC CHECKSUMS:
  Nimble: 9dff98ee195ffe7351d3b2fb01d3a1420fd97948
  Quick: 563686dbcf0ae0f9f7401ac9cd2d786ee1b7f3d7
  SwiftyJSON: 8d6b61a70277ef2a5d710d372e06e7e2d87fb9e4

COCOAPODS: 0.39.0.beta.4
