PODS:
  - Nimble (3.2.0)
  - Quick (0.9.1)
  - SwiftyJSON (2.3.2)

DEPENDENCIES:
  - Nimble
  - Quick
  - SwiftyJSON

SPEC CHECKSUMS:
  Nimble: 703854335d181df169bbca9c97117b5cf8c47c1d
  Quick: a5221fc21788b6aeda934805e68b061839bc3165
  SwiftyJSON: 04ccea08915aa0109039157c7974cf0298da292a

COCOAPODS: 0.39.0
