{
  "object": {
    "pins": [
      {
        "package": "SwiftTestUtils",
        "repositoryURL": "https://github.com/Appsaurus/SwiftTestUtils",
        "state": {
          "branch": null,
          "revision": "76b498f338b4249898656947fa2713747fa429f7",
          "version": "1.0.1"
        }
      }
    ]
  },
  "version": 1
}
