// !$*UTF8*$!
{
	archiveVersion = 1;
	classes = {
	};
	objectVersion = 46;
	objects = {

/* Begin PBXBuildFile section */
		E4665E0E20B7303100FD577A /* Image.swift in Sources */ = {isa = PBXBuildFile; fileRef = E4665E0D20B7303100FD577A /* Image.swift */; };
		OBJ_43 /* Config.swift in Sources */ = {isa = PBXBuildFile; fileRef = OBJ_9 /* Config.swift */; };
		OBJ_44 /* Parser.swift in Sources */ = {isa = PBXBuildFile; fileRef = OBJ_11 /* Parser.swift */; };
		OBJ_45 /* Provider.swift in Sources */ = {isa = PBXBuildFile; fileRef = OBJ_12 /* Provider.swift */; };
		OBJ_46 /* ArrayExtension.swift in Sources */ = {isa = PBXBuildFile; fileRef = OBJ_14 /* ArrayExtension.swift */; };
		OBJ_47 /* Faker.swift in Sources */ = {isa = PBXBuildFile; fileRef = OBJ_15 /* Faker.swift */; };
		OBJ_48 /* Address.swift in Sources */ = {isa = PBXBuildFile; fileRef = OBJ_17 /* Address.swift */; };
		OBJ_49 /* App.swift in Sources */ = {isa = PBXBuildFile; fileRef = OBJ_18 /* App.swift */; };
		OBJ_50 /* Bank.swift in Sources */ = {isa = PBXBuildFile; fileRef = OBJ_19 /* Bank.swift */; };
		OBJ_51 /* Business.swift in Sources */ = {isa = PBXBuildFile; fileRef = OBJ_20 /* Business.swift */; };
		OBJ_52 /* Commerce.swift in Sources */ = {isa = PBXBuildFile; fileRef = OBJ_21 /* Commerce.swift */; };
		OBJ_53 /* Company.swift in Sources */ = {isa = PBXBuildFile; fileRef = OBJ_22 /* Company.swift */; };
		OBJ_54 /* Generator.swift in Sources */ = {isa = PBXBuildFile; fileRef = OBJ_23 /* Generator.swift */; };
		OBJ_55 /* Internet.swift in Sources */ = {isa = PBXBuildFile; fileRef = OBJ_24 /* Internet.swift */; };
		OBJ_56 /* Lorem.swift in Sources */ = {isa = PBXBuildFile; fileRef = OBJ_25 /* Lorem.swift */; };
		OBJ_57 /* Name.swift in Sources */ = {isa = PBXBuildFile; fileRef = OBJ_26 /* Name.swift */; };
		OBJ_58 /* Number.swift in Sources */ = {isa = PBXBuildFile; fileRef = OBJ_27 /* Number.swift */; };
		OBJ_59 /* PhoneNumber.swift in Sources */ = {isa = PBXBuildFile; fileRef = OBJ_28 /* PhoneNumber.swift */; };
		OBJ_60 /* Team.swift in Sources */ = {isa = PBXBuildFile; fileRef = OBJ_29 /* Team.swift */; };
		OBJ_61 /* en.swift in Sources */ = {isa = PBXBuildFile; fileRef = OBJ_31 /* en.swift */; };
		OBJ_68 /* Package.swift in Sources */ = {isa = PBXBuildFile; fileRef = OBJ_6 /* Package.swift */; };
/* End PBXBuildFile section */

/* Begin PBXFileReference section */
		E4665E0D20B7303100FD577A /* Image.swift */ = {isa = PBXFileReference; lastKnownFileType = sourcecode.swift; path = Image.swift; sourceTree = "<group>"; };
		"Fakery::Fakery::Product" /* Fakery.framework */ = {isa = PBXFileReference; lastKnownFileType = wrapper.framework; path = Fakery.framework; sourceTree = BUILT_PRODUCTS_DIR; };
		OBJ_11 /* Parser.swift */ = {isa = PBXFileReference; lastKnownFileType = sourcecode.swift; path = Parser.swift; sourceTree = "<group>"; };
		OBJ_12 /* Provider.swift */ = {isa = PBXFileReference; lastKnownFileType = sourcecode.swift; path = Provider.swift; sourceTree = "<group>"; };
		OBJ_14 /* ArrayExtension.swift */ = {isa = PBXFileReference; lastKnownFileType = sourcecode.swift; path = ArrayExtension.swift; sourceTree = "<group>"; };
		OBJ_15 /* Faker.swift */ = {isa = PBXFileReference; lastKnownFileType = sourcecode.swift; path = Faker.swift; sourceTree = "<group>"; };
		OBJ_17 /* Address.swift */ = {isa = PBXFileReference; lastKnownFileType = sourcecode.swift; path = Address.swift; sourceTree = "<group>"; };
		OBJ_18 /* App.swift */ = {isa = PBXFileReference; lastKnownFileType = sourcecode.swift; path = App.swift; sourceTree = "<group>"; };
		OBJ_19 /* Bank.swift */ = {isa = PBXFileReference; lastKnownFileType = sourcecode.swift; path = Bank.swift; sourceTree = "<group>"; };
		OBJ_20 /* Business.swift */ = {isa = PBXFileReference; lastKnownFileType = sourcecode.swift; path = Business.swift; sourceTree = "<group>"; };
		OBJ_21 /* Commerce.swift */ = {isa = PBXFileReference; lastKnownFileType = sourcecode.swift; path = Commerce.swift; sourceTree = "<group>"; };
		OBJ_22 /* Company.swift */ = {isa = PBXFileReference; lastKnownFileType = sourcecode.swift; path = Company.swift; sourceTree = "<group>"; };
		OBJ_23 /* Generator.swift */ = {isa = PBXFileReference; lastKnownFileType = sourcecode.swift; path = Generator.swift; sourceTree = "<group>"; };
		OBJ_24 /* Internet.swift */ = {isa = PBXFileReference; lastKnownFileType = sourcecode.swift; path = Internet.swift; sourceTree = "<group>"; };
		OBJ_25 /* Lorem.swift */ = {isa = PBXFileReference; lastKnownFileType = sourcecode.swift; path = Lorem.swift; sourceTree = "<group>"; };
		OBJ_26 /* Name.swift */ = {isa = PBXFileReference; lastKnownFileType = sourcecode.swift; path = Name.swift; sourceTree = "<group>"; };
		OBJ_27 /* Number.swift */ = {isa = PBXFileReference; lastKnownFileType = sourcecode.swift; path = Number.swift; sourceTree = "<group>"; };
		OBJ_28 /* PhoneNumber.swift */ = {isa = PBXFileReference; lastKnownFileType = sourcecode.swift; path = PhoneNumber.swift; sourceTree = "<group>"; };
		OBJ_29 /* Team.swift */ = {isa = PBXFileReference; lastKnownFileType = sourcecode.swift; path = Team.swift; sourceTree = "<group>"; };
		OBJ_31 /* en.swift */ = {isa = PBXFileReference; lastKnownFileType = sourcecode.swift; path = en.swift; sourceTree = "<group>"; };
		OBJ_33 /* Images */ = {isa = PBXFileReference; lastKnownFileType = folder; path = Images; sourceTree = SOURCE_ROOT; };
		OBJ_34 /* Resources */ = {isa = PBXFileReference; lastKnownFileType = folder; path = Resources; sourceTree = SOURCE_ROOT; };
		OBJ_35 /* Project */ = {isa = PBXFileReference; lastKnownFileType = folder; path = Project; sourceTree = SOURCE_ROOT; };
		OBJ_6 /* Package.swift */ = {isa = PBXFileReference; explicitFileType = sourcecode.swift; path = Package.swift; sourceTree = "<group>"; };
		OBJ_9 /* Config.swift */ = {isa = PBXFileReference; lastKnownFileType = sourcecode.swift; path = Config.swift; sourceTree = "<group>"; };
/* End PBXFileReference section */

/* Begin PBXFrameworksBuildPhase section */
		OBJ_62 /* Frameworks */ = {
			isa = PBXFrameworksBuildPhase;
			buildActionMask = 0;
			files = (
			);
			runOnlyForDeploymentPostprocessing = 0;
		};
/* End PBXFrameworksBuildPhase section */

/* Begin PBXGroup section */
		OBJ_10 /* Data */ = {
			isa = PBXGroup;
			children = (
				OBJ_11 /* Parser.swift */,
				OBJ_12 /* Provider.swift */,
			);
			path = Data;
			sourceTree = "<group>";
		};
		OBJ_13 /* Extensions */ = {
			isa = PBXGroup;
			children = (
				OBJ_14 /* ArrayExtension.swift */,
			);
			path = Extensions;
			sourceTree = "<group>";
		};
		OBJ_16 /* Generators */ = {
			isa = PBXGroup;
			children = (
				OBJ_17 /* Address.swift */,
				OBJ_18 /* App.swift */,
				OBJ_19 /* Bank.swift */,
				OBJ_20 /* Business.swift */,
				OBJ_21 /* Commerce.swift */,
				OBJ_22 /* Company.swift */,
				OBJ_23 /* Generator.swift */,
				OBJ_24 /* Internet.swift */,
				OBJ_25 /* Lorem.swift */,
				OBJ_26 /* Name.swift */,
				OBJ_27 /* Number.swift */,
				OBJ_28 /* PhoneNumber.swift */,
				OBJ_29 /* Team.swift */,
				E4665E0D20B7303100FD577A /* Image.swift */,
			);
			path = Generators;
			sourceTree = "<group>";
		};
		OBJ_30 /* Locales */ = {
			isa = PBXGroup;
			children = (
				OBJ_31 /* en.swift */,
			);
			path = Locales;
			sourceTree = "<group>";
		};
		OBJ_32 /* Tests */ = {
			isa = PBXGroup;
			children = (
			);
			name = Tests;
			sourceTree = SOURCE_ROOT;
		};
		OBJ_36 /* Products */ = {
			isa = PBXGroup;
			children = (
				"Fakery::Fakery::Product" /* Fakery.framework */,
			);
			name = Products;
			sourceTree = BUILT_PRODUCTS_DIR;
		};
		OBJ_5 /*  */ = {
			isa = PBXGroup;
			children = (
				OBJ_6 /* Package.swift */,
				OBJ_7 /* Sources */,
				OBJ_32 /* Tests */,
				OBJ_33 /* Images */,
				OBJ_34 /* Resources */,
				OBJ_35 /* Project */,
				OBJ_36 /* Products */,
			);
			name = "";
			sourceTree = "<group>";
		};
		OBJ_7 /* Sources */ = {
			isa = PBXGroup;
			children = (
				OBJ_8 /* Fakery */,
			);
			name = Sources;
			sourceTree = SOURCE_ROOT;
		};
		OBJ_8 /* Fakery */ = {
			isa = PBXGroup;
			children = (
				OBJ_9 /* Config.swift */,
				OBJ_10 /* Data */,
				OBJ_13 /* Extensions */,
				OBJ_15 /* Faker.swift */,
				OBJ_16 /* Generators */,
				OBJ_30 /* Locales */,
			);
			name = Fakery;
			path = Sources/Fakery;
			sourceTree = SOURCE_ROOT;
		};
/* End PBXGroup section */

/* Begin PBXNativeTarget section */
		"Fakery::Fakery" /* Fakery */ = {
			isa = PBXNativeTarget;
			buildConfigurationList = OBJ_39 /* Build configuration list for PBXNativeTarget "Fakery" */;
			buildPhases = (
				OBJ_42 /* Sources */,
				OBJ_62 /* Frameworks */,
			);
			buildRules = (
			);
			dependencies = (
			);
			name = Fakery;
			productName = Fakery;
			productReference = "Fakery::Fakery::Product" /* Fakery.framework */;
			productType = "com.apple.product-type.framework";
		};
		"Fakery::SwiftPMPackageDescription" /* FakeryPackageDescription */ = {
			isa = PBXNativeTarget;
			buildConfigurationList = OBJ_64 /* Build configuration list for PBXNativeTarget "FakeryPackageDescription" */;
			buildPhases = (
				OBJ_67 /* Sources */,
			);
			buildRules = (
			);
			dependencies = (
			);
			name = FakeryPackageDescription;
			productName = FakeryPackageDescription;
			productType = "com.apple.product-type.framework";
		};
/* End PBXNativeTarget section */

/* Begin PBXProject section */
		OBJ_1 /* Project object */ = {
			isa = PBXProject;
			attributes = {
				LastUpgradeCheck = 9999;
			};
			buildConfigurationList = OBJ_2 /* Build configuration list for PBXProject "Fakery" */;
			compatibilityVersion = "Xcode 3.2";
			developmentRegion = English;
			hasScannedForEncodings = 0;
			knownRegions = (
				en,
			);
			mainGroup = OBJ_5 /*  */;
			productRefGroup = OBJ_36 /* Products */;
			projectDirPath = "";
			projectRoot = "";
			targets = (
				"Fakery::Fakery" /* Fakery */,
				"Fakery::SwiftPMPackageDescription" /* FakeryPackageDescription */,
			);
		};
/* End PBXProject section */

/* Begin PBXSourcesBuildPhase section */
		OBJ_42 /* Sources */ = {
			isa = PBXSourcesBuildPhase;
			buildActionMask = 0;
			files = (
				OBJ_43 /* Config.swift in Sources */,
				OBJ_44 /* Parser.swift in Sources */,
				OBJ_45 /* Provider.swift in Sources */,
				OBJ_46 /* ArrayExtension.swift in Sources */,
				OBJ_47 /* Faker.swift in Sources */,
				OBJ_48 /* Address.swift in Sources */,
				OBJ_49 /* App.swift in Sources */,
				OBJ_50 /* Bank.swift in Sources */,
				OBJ_51 /* Business.swift in Sources */,
				E4665E0E20B7303100FD577A /* Image.swift in Sources */,
				OBJ_52 /* Commerce.swift in Sources */,
				OBJ_53 /* Company.swift in Sources */,
				OBJ_54 /* Generator.swift in Sources */,
				OBJ_55 /* Internet.swift in Sources */,
				OBJ_56 /* Lorem.swift in Sources */,
				OBJ_57 /* Name.swift in Sources */,
				OBJ_58 /* Number.swift in Sources */,
				OBJ_59 /* PhoneNumber.swift in Sources */,
				OBJ_60 /* Team.swift in Sources */,
				OBJ_61 /* en.swift in Sources */,
			);
			runOnlyForDeploymentPostprocessing = 0;
		};
		OBJ_67 /* Sources */ = {
			isa = PBXSourcesBuildPhase;
			buildActionMask = 0;
			files = (
				OBJ_68 /* Package.swift in Sources */,
			);
			runOnlyForDeploymentPostprocessing = 0;
		};
/* End PBXSourcesBuildPhase section */

/* Begin XCBuildConfiguration section */
		OBJ_3 /* Debug */ = {
			isa = XCBuildConfiguration;
			buildSettings = {
				CLANG_ENABLE_OBJC_ARC = YES;
				COMBINE_HIDPI_IMAGES = YES;
				COPY_PHASE_STRIP = NO;
				DEBUG_INFORMATION_FORMAT = dwarf;
				DYLIB_INSTALL_NAME_BASE = "@rpath";
				ENABLE_NS_ASSERTIONS = YES;
				GCC_OPTIMIZATION_LEVEL = 0;
				MACOSX_DEPLOYMENT_TARGET = 10.10;
				ONLY_ACTIVE_ARCH = YES;
				OTHER_SWIFT_FLAGS = "-DXcode";
				PRODUCT_NAME = "$(TARGET_NAME)";
				SDKROOT = macosx;
				SUPPORTED_PLATFORMS = "macosx iphoneos iphonesimulator appletvos appletvsimulator watchos watchsimulator";
				SWIFT_ACTIVE_COMPILATION_CONDITIONS = SWIFT_PACKAGE;
				SWIFT_OPTIMIZATION_LEVEL = "-Onone";
				USE_HEADERMAP = NO;
			};
			name = Debug;
		};
		OBJ_4 /* Release */ = {
			isa = XCBuildConfiguration;
			buildSettings = {
				CLANG_ENABLE_OBJC_ARC = YES;
				COMBINE_HIDPI_IMAGES = YES;
				COPY_PHASE_STRIP = YES;
				DEBUG_INFORMATION_FORMAT = "dwarf-with-dsym";
				DYLIB_INSTALL_NAME_BASE = "@rpath";
				GCC_OPTIMIZATION_LEVEL = s;
				MACOSX_DEPLOYMENT_TARGET = 10.10;
				OTHER_SWIFT_FLAGS = "-DXcode";
				PRODUCT_NAME = "$(TARGET_NAME)";
				SDKROOT = macosx;
				SUPPORTED_PLATFORMS = "macosx iphoneos iphonesimulator appletvos appletvsimulator watchos watchsimulator";
				SWIFT_ACTIVE_COMPILATION_CONDITIONS = SWIFT_PACKAGE;
				SWIFT_OPTIMIZATION_LEVEL = "-Owholemodule";
				USE_HEADERMAP = NO;
			};
			name = Release;
		};
		OBJ_40 /* Debug */ = {
			isa = XCBuildConfiguration;
			buildSettings = {
				ENABLE_TESTABILITY = YES;
				FRAMEWORK_SEARCH_PATHS = (
					"$(inherited)",
					"$(PLATFORM_DIR)/Developer/Library/Frameworks",
				);
				HEADER_SEARCH_PATHS = "$(inherited)";
				INFOPLIST_FILE = Fakery.xcodeproj/Fakery_Info.plist;
				LD_RUNPATH_SEARCH_PATHS = "$(inherited) $(TOOLCHAIN_DIR)/usr/lib/swift/macosx";
				OTHER_CFLAGS = "$(inherited)";
				OTHER_LDFLAGS = "$(inherited)";
				OTHER_SWIFT_FLAGS = "$(inherited)";
				PRODUCT_BUNDLE_IDENTIFIER = Fakery;
				PRODUCT_MODULE_NAME = "$(TARGET_NAME:c99extidentifier)";
				PRODUCT_NAME = "$(TARGET_NAME:c99extidentifier)";
				SKIP_INSTALL = YES;
				SWIFT_VERSION = 4.0;
				TARGET_NAME = Fakery;
			};
			name = Debug;
		};
		OBJ_41 /* Release */ = {
			isa = XCBuildConfiguration;
			buildSettings = {
				ENABLE_TESTABILITY = YES;
				FRAMEWORK_SEARCH_PATHS = (
					"$(inherited)",
					"$(PLATFORM_DIR)/Developer/Library/Frameworks",
				);
				HEADER_SEARCH_PATHS = "$(inherited)";
				INFOPLIST_FILE = Fakery.xcodeproj/Fakery_Info.plist;
				LD_RUNPATH_SEARCH_PATHS = "$(inherited) $(TOOLCHAIN_DIR)/usr/lib/swift/macosx";
				OTHER_CFLAGS = "$(inherited)";
				OTHER_LDFLAGS = "$(inherited)";
				OTHER_SWIFT_FLAGS = "$(inherited)";
				PRODUCT_BUNDLE_IDENTIFIER = Fakery;
				PRODUCT_MODULE_NAME = "$(TARGET_NAME:c99extidentifier)";
				PRODUCT_NAME = "$(TARGET_NAME:c99extidentifier)";
				SKIP_INSTALL = YES;
				SWIFT_VERSION = 4.0;
				TARGET_NAME = Fakery;
			};
			name = Release;
		};
		OBJ_65 /* Debug */ = {
			isa = XCBuildConfiguration;
			buildSettings = {
				LD = /usr/bin/true;
				OTHER_SWIFT_FLAGS = "-swift-version 4 -I $(TOOLCHAIN_DIR)/usr/lib/swift/pm/4 -target x86_64-apple-macosx10.10 -sdk /Applications/Xcode.app/Contents/Developer/Platforms/MacOSX.platform/Developer/SDKs/MacOSX10.13.sdk";
				SWIFT_VERSION = 4.0;
			};
			name = Debug;
		};
		OBJ_66 /* Release */ = {
			isa = XCBuildConfiguration;
			buildSettings = {
				LD = /usr/bin/true;
				OTHER_SWIFT_FLAGS = "-swift-version 4 -I $(TOOLCHAIN_DIR)/usr/lib/swift/pm/4 -target x86_64-apple-macosx10.10 -sdk /Applications/Xcode.app/Contents/Developer/Platforms/MacOSX.platform/Developer/SDKs/MacOSX10.13.sdk";
				SWIFT_VERSION = 4.0;
			};
			name = Release;
		};
/* End XCBuildConfiguration section */

/* Begin XCConfigurationList section */
		OBJ_2 /* Build configuration list for PBXProject "Fakery" */ = {
			isa = XCConfigurationList;
			buildConfigurations = (
				OBJ_3 /* Debug */,
				OBJ_4 /* Release */,
			);
			defaultConfigurationIsVisible = 0;
			defaultConfigurationName = Release;
		};
		OBJ_39 /* Build configuration list for PBXNativeTarget "Fakery" */ = {
			isa = XCConfigurationList;
			buildConfigurations = (
				OBJ_40 /* Debug */,
				OBJ_41 /* Release */,
			);
			defaultConfigurationIsVisible = 0;
			defaultConfigurationName = Release;
		};
		OBJ_64 /* Build configuration list for PBXNativeTarget "FakeryPackageDescription" */ = {
			isa = XCConfigurationList;
			buildConfigurations = (
				OBJ_65 /* Debug */,
				OBJ_66 /* Release */,
			);
			defaultConfigurationIsVisible = 0;
			defaultConfigurationName = Release;
		};
/* End XCConfigurationList section */
	};
	rootObject = OBJ_1 /* Project object */;
}
