// !$*UTF8*$!
{
	archiveVersion = 1;
	classes = {
	};
	objectVersion = 46;
	objects = {

/* Begin PBXBuildFile section */
		05F367C922831FF100AB2165 /* ProgrammingLanguageSpec.swift in Sources */ = {isa = PBXBuildFile; fileRef = 05F367C722831FE900AB2165 /* ProgrammingLanguageSpec.swift */; };
		05F367CA22831FF200AB2165 /* ProgrammingLanguageSpec.swift in Sources */ = {isa = PBXBuildFile; fileRef = 05F367C722831FE900AB2165 /* ProgrammingLanguageSpec.swift */; };
		05F367CC2283222B00AB2165 /* ProgrammingLanguage.swift in Sources */ = {isa = PBXBuildFile; fileRef = 05F367CB2283222B00AB2165 /* ProgrammingLanguage.swift */; };
		05F367CD2283228100AB2165 /* ProgrammingLanguage.swift in Sources */ = {isa = PBXBuildFile; fileRef = 05F367CB2283222B00AB2165 /* ProgrammingLanguage.swift */; };
		05F367CE2283228100AB2165 /* ProgrammingLanguage.swift in Sources */ = {isa = PBXBuildFile; fileRef = 05F367CB2283222B00AB2165 /* ProgrammingLanguage.swift */; };
		09F65D6F1CA30351006C87C5 /* Number.swift in Sources */ = {isa = PBXBuildFile; fileRef = 09F65D6E1CA30351006C87C5 /* Number.swift */; };
		09F65D701CA30351006C87C5 /* Number.swift in Sources */ = {isa = PBXBuildFile; fileRef = 09F65D6E1CA30351006C87C5 /* Number.swift */; };
		1057479A1F6FBAA500154ECB /* BankSpec.swift in Sources */ = {isa = PBXBuildFile; fileRef = 105747991F6FBAA500154ECB /* BankSpec.swift */; };
		1057479B1F6FBAAA00154ECB /* BankSpec.swift in Sources */ = {isa = PBXBuildFile; fileRef = 105747991F6FBAA500154ECB /* BankSpec.swift */; };
		1057479D1F6FBF6C00154ECB /* Bank.swift in Sources */ = {isa = PBXBuildFile; fileRef = 1057479C1F6FBF6C00154ECB /* Bank.swift */; };
		1057479E1F6FBF7100154ECB /* Bank.swift in Sources */ = {isa = PBXBuildFile; fileRef = 1057479C1F6FBF6C00154ECB /* Bank.swift */; };
		1057479F1F6FBF7100154ECB /* Bank.swift in Sources */ = {isa = PBXBuildFile; fileRef = 1057479C1F6FBF6C00154ECB /* Bank.swift */; };
		105747A11F6FFB9F00154ECB /* nl.json in Resources */ = {isa = PBXBuildFile; fileRef = 105747A01F6FFB9F00154ECB /* nl.json */; };
		105747A21F6FFB9F00154ECB /* nl.json in Resources */ = {isa = PBXBuildFile; fileRef = 105747A01F6FFB9F00154ECB /* nl.json */; };
		105747A31F6FFB9F00154ECB /* nl.json in Resources */ = {isa = PBXBuildFile; fileRef = 105747A01F6FFB9F00154ECB /* nl.json */; };
		20580DDE2283205E00D46446 /* CatSpec.swift in Sources */ = {isa = PBXBuildFile; fileRef = 20580DDD2283205E00D46446 /* CatSpec.swift */; };
		20580DDF2283205E00D46446 /* CatSpec.swift in Sources */ = {isa = PBXBuildFile; fileRef = 20580DDD2283205E00D46446 /* CatSpec.swift */; };
		20580DE12283222C00D46446 /* Cat.swift in Sources */ = {isa = PBXBuildFile; fileRef = 20580DE02283222C00D46446 /* Cat.swift */; };
		20580DE22283222C00D46446 /* Cat.swift in Sources */ = {isa = PBXBuildFile; fileRef = 20580DE02283222C00D46446 /* Cat.swift */; };
		20580DE32283222C00D46446 /* Cat.swift in Sources */ = {isa = PBXBuildFile; fileRef = 20580DE02283222C00D46446 /* Cat.swift */; };
		2A17AB0A1E4E45A600011BC6 /* tr-TR.json in Resources */ = {isa = PBXBuildFile; fileRef = 2A17AB091E4E45A600011BC6 /* tr-TR.json */; };
		301387E722E8EB20001313B6 /* Nimble.framework in Frameworks */ = {isa = PBXBuildFile; fileRef = 301387E622E8EB03001313B6 /* Nimble.framework */; };
		301387E822E8EB20001313B6 /* Quick.framework in Frameworks */ = {isa = PBXBuildFile; fileRef = 301387E522E8EB02001313B6 /* Quick.framework */; };
		301387E922E8EB23001313B6 /* Nimble.framework in CopyFiles */ = {isa = PBXBuildFile; fileRef = 301387E622E8EB03001313B6 /* Nimble.framework */; settings = {ATTRIBUTES = (CodeSignOnCopy, RemoveHeadersOnCopy, ); }; };
		301387EA22E8EB23001313B6 /* Quick.framework in CopyFiles */ = {isa = PBXBuildFile; fileRef = 301387E522E8EB02001313B6 /* Quick.framework */; settings = {ATTRIBUTES = (CodeSignOnCopy, RemoveHeadersOnCopy, ); }; };
		301387EB22E8EB2E001313B6 /* Nimble.framework in Frameworks */ = {isa = PBXBuildFile; fileRef = 301387E322E8EA89001313B6 /* Nimble.framework */; };
		301387EC22E8EB2E001313B6 /* Quick.framework in Frameworks */ = {isa = PBXBuildFile; fileRef = 301387E422E8EAA5001313B6 /* Quick.framework */; };
		301387ED22E8EB36001313B6 /* Nimble.framework in CopyFiles */ = {isa = PBXBuildFile; fileRef = 301387E322E8EA89001313B6 /* Nimble.framework */; settings = {ATTRIBUTES = (CodeSignOnCopy, RemoveHeadersOnCopy, ); }; };
		301387EE22E8EB36001313B6 /* Quick.framework in CopyFiles */ = {isa = PBXBuildFile; fileRef = 301387E422E8EAA5001313B6 /* Quick.framework */; settings = {ATTRIBUTES = (CodeSignOnCopy, RemoveHeadersOnCopy, ); }; };
		504F66E022AE32CB00F9CDB3 /* House.swift in Sources */ = {isa = PBXBuildFile; fileRef = 504F66DF22AE32CB00F9CDB3 /* House.swift */; };
		504F66E122AE32CB00F9CDB3 /* House.swift in Sources */ = {isa = PBXBuildFile; fileRef = 504F66DF22AE32CB00F9CDB3 /* House.swift */; };
		504F66E222AE32CB00F9CDB3 /* House.swift in Sources */ = {isa = PBXBuildFile; fileRef = 504F66DF22AE32CB00F9CDB3 /* House.swift */; };
		504F66EC22AE523A00F9CDB3 /* HouseSpec.swift in Sources */ = {isa = PBXBuildFile; fileRef = 504F66DB22AE32A500F9CDB3 /* HouseSpec.swift */; };
		504F66ED22AE523A00F9CDB3 /* HouseSpec.swift in Sources */ = {isa = PBXBuildFile; fileRef = 504F66DB22AE32A500F9CDB3 /* HouseSpec.swift */; };
		6ED4CE5B228C2EBB0026E55A /* ZeldaSpec.swift in Sources */ = {isa = PBXBuildFile; fileRef = 6ED4CE5A228C2EBB0026E55A /* ZeldaSpec.swift */; };
		6ED4CE5C228C2EBB0026E55A /* ZeldaSpec.swift in Sources */ = {isa = PBXBuildFile; fileRef = 6ED4CE5A228C2EBB0026E55A /* ZeldaSpec.swift */; };
		6ED4CE5E228C30250026E55A /* Zelda.swift in Sources */ = {isa = PBXBuildFile; fileRef = 6ED4CE5D228C30250026E55A /* Zelda.swift */; };
		6ED4CE5F228C30250026E55A /* Zelda.swift in Sources */ = {isa = PBXBuildFile; fileRef = 6ED4CE5D228C30250026E55A /* Zelda.swift */; };
		6ED4CE60228C30250026E55A /* Zelda.swift in Sources */ = {isa = PBXBuildFile; fileRef = 6ED4CE5D228C30250026E55A /* Zelda.swift */; };
		8C12478822832171009400B4 /* CarSpec.swift in Sources */ = {isa = PBXBuildFile; fileRef = 8C12478722832171009400B4 /* CarSpec.swift */; };
		8C12478922832171009400B4 /* CarSpec.swift in Sources */ = {isa = PBXBuildFile; fileRef = 8C12478722832171009400B4 /* CarSpec.swift */; };
		8C12478D2283226E009400B4 /* Car.swift in Sources */ = {isa = PBXBuildFile; fileRef = 8C12478A228321C4009400B4 /* Car.swift */; };
		8C12478E2283226F009400B4 /* Car.swift in Sources */ = {isa = PBXBuildFile; fileRef = 8C12478A228321C4009400B4 /* Car.swift */; };
		8C12478F2283226F009400B4 /* Car.swift in Sources */ = {isa = PBXBuildFile; fileRef = 8C12478A228321C4009400B4 /* Car.swift */; };
		90D66FB322833A3100545C90 /* Hobbit.swift in Sources */ = {isa = PBXBuildFile; fileRef = 90D66FB222833A3100545C90 /* Hobbit.swift */; };
		90D66FB422833A3100545C90 /* Hobbit.swift in Sources */ = {isa = PBXBuildFile; fileRef = 90D66FB222833A3100545C90 /* Hobbit.swift */; };
		90D66FB522833A3100545C90 /* Hobbit.swift in Sources */ = {isa = PBXBuildFile; fileRef = 90D66FB222833A3100545C90 /* Hobbit.swift */; };
		90D66FBA22835EAA00545C90 /* HobbitSpec.swift in Sources */ = {isa = PBXBuildFile; fileRef = 90D66FAF22833A1F00545C90 /* HobbitSpec.swift */; };
		90D66FBB22835EAB00545C90 /* HobbitSpec.swift in Sources */ = {isa = PBXBuildFile; fileRef = 90D66FAF22833A1F00545C90 /* HobbitSpec.swift */; };
		AC8156A92153C27E00D779EF /* Date.swift in Sources */ = {isa = PBXBuildFile; fileRef = AC88DC0A21531E2E007198E6 /* Date.swift */; };
		AC8156AA2153C27F00D779EF /* Date.swift in Sources */ = {isa = PBXBuildFile; fileRef = AC88DC0A21531E2E007198E6 /* Date.swift */; };
		AC88DC0B21531E2E007198E6 /* Date.swift in Sources */ = {isa = PBXBuildFile; fileRef = AC88DC0A21531E2E007198E6 /* Date.swift */; };
		AC88DC0E215330A4007198E6 /* DateSpec.swift in Sources */ = {isa = PBXBuildFile; fileRef = AC88DC0C215330A3007198E6 /* DateSpec.swift */; };
		AC88DC0F215330A4007198E6 /* DateSpec.swift in Sources */ = {isa = PBXBuildFile; fileRef = AC88DC0C215330A3007198E6 /* DateSpec.swift */; };
		BC4477911BFA450D00E8FB15 /* Faker.swift in Sources */ = {isa = PBXBuildFile; fileRef = BCFFA1681BF9F912005A3BC1 /* Faker.swift */; };
		BC4477921BFA451400E8FB15 /* Address.swift in Sources */ = {isa = PBXBuildFile; fileRef = BCFFA16A1BF9F912005A3BC1 /* Address.swift */; };
		BC4477931BFA451600E8FB15 /* App.swift in Sources */ = {isa = PBXBuildFile; fileRef = BCFFA16B1BF9F912005A3BC1 /* App.swift */; };
		BC4477941BFA451900E8FB15 /* Business.swift in Sources */ = {isa = PBXBuildFile; fileRef = BCFFA16C1BF9F912005A3BC1 /* Business.swift */; };
		BC4477951BFA451C00E8FB15 /* Commerce.swift in Sources */ = {isa = PBXBuildFile; fileRef = BCFFA16D1BF9F912005A3BC1 /* Commerce.swift */; };
		BC4477961BFA451F00E8FB15 /* Company.swift in Sources */ = {isa = PBXBuildFile; fileRef = BCFFA16E1BF9F912005A3BC1 /* Company.swift */; };
		BC4477971BFA452100E8FB15 /* Generator.swift in Sources */ = {isa = PBXBuildFile; fileRef = BCFFA16F1BF9F912005A3BC1 /* Generator.swift */; };
		BC4477981BFA452400E8FB15 /* Internet.swift in Sources */ = {isa = PBXBuildFile; fileRef = BCFFA1701BF9F912005A3BC1 /* Internet.swift */; };
		BC4477991BFA452700E8FB15 /* Lorem.swift in Sources */ = {isa = PBXBuildFile; fileRef = BCFFA1711BF9F912005A3BC1 /* Lorem.swift */; };
		BC44779A1BFA452900E8FB15 /* Name.swift in Sources */ = {isa = PBXBuildFile; fileRef = BCFFA1721BF9F912005A3BC1 /* Name.swift */; };
		BC44779B1BFA452C00E8FB15 /* PhoneNumber.swift in Sources */ = {isa = PBXBuildFile; fileRef = BCFFA1731BF9F912005A3BC1 /* PhoneNumber.swift */; };
		BC44779C1BFA452E00E8FB15 /* Team.swift in Sources */ = {isa = PBXBuildFile; fileRef = BCFFA1741BF9F912005A3BC1 /* Team.swift */; };
		BC44779D1BFA453800E8FB15 /* ArrayExtension.swift in Sources */ = {isa = PBXBuildFile; fileRef = BCFFA1671BF9F912005A3BC1 /* ArrayExtension.swift */; };
		BC44779E1BFA453C00E8FB15 /* Parser.swift in Sources */ = {isa = PBXBuildFile; fileRef = BCFFA1641BF9F912005A3BC1 /* Parser.swift */; };
		BC44779F1BFA453F00E8FB15 /* Provider.swift in Sources */ = {isa = PBXBuildFile; fileRef = BCFFA1651BF9F912005A3BC1 /* Provider.swift */; };
		BC4477A01BFA454400E8FB15 /* Config.swift in Sources */ = {isa = PBXBuildFile; fileRef = BCFFA1621BF9F912005A3BC1 /* Config.swift */; };
		BC4477A11BFA455900E8FB15 /* de-AT.json in Resources */ = {isa = PBXBuildFile; fileRef = BCFFA1491BF9F912005A3BC1 /* de-AT.json */; };
		BC4477A21BFA455C00E8FB15 /* de-CH.json in Resources */ = {isa = PBXBuildFile; fileRef = BCFFA14A1BF9F912005A3BC1 /* de-CH.json */; };
		BC4477A31BFA455F00E8FB15 /* de.json in Resources */ = {isa = PBXBuildFile; fileRef = BCFFA14B1BF9F912005A3BC1 /* de.json */; };
		BC4477A41BFA456200E8FB15 /* en-AU.json in Resources */ = {isa = PBXBuildFile; fileRef = BCFFA14C1BF9F912005A3BC1 /* en-AU.json */; };
		BC4477A51BFA456500E8FB15 /* en-CA.json in Resources */ = {isa = PBXBuildFile; fileRef = BCFFA14D1BF9F912005A3BC1 /* en-CA.json */; };
		BC4477A61BFA456700E8FB15 /* en-GB.json in Resources */ = {isa = PBXBuildFile; fileRef = BCFFA14E1BF9F912005A3BC1 /* en-GB.json */; };
		BC4477A71BFA456A00E8FB15 /* en-IND.json in Resources */ = {isa = PBXBuildFile; fileRef = BCFFA14F1BF9F912005A3BC1 /* en-IND.json */; };
		BC4477A81BFA456D00E8FB15 /* en-TEST.json in Resources */ = {isa = PBXBuildFile; fileRef = BCFFA1501BF9F912005A3BC1 /* en-TEST.json */; };
		BC4477A91BFA457000E8FB15 /* en-US.json in Resources */ = {isa = PBXBuildFile; fileRef = BCFFA1511BF9F912005A3BC1 /* en-US.json */; };
		BC4477AA1BFA457200E8FB15 /* en.json in Resources */ = {isa = PBXBuildFile; fileRef = BCFFA1521BF9F912005A3BC1 /* en.json */; };
		BC4477AB1BFA457500E8FB15 /* es.json in Resources */ = {isa = PBXBuildFile; fileRef = BCFFA1531BF9F912005A3BC1 /* es.json */; };
		BC4477AC1BFA457800E8FB15 /* fa.json in Resources */ = {isa = PBXBuildFile; fileRef = BCFFA1541BF9F912005A3BC1 /* fa.json */; };
		BC4477AD1BFA457A00E8FB15 /* fr.json in Resources */ = {isa = PBXBuildFile; fileRef = BCFFA1551BF9F912005A3BC1 /* fr.json */; };
		BC4477AE1BFA457D00E8FB15 /* it.json in Resources */ = {isa = PBXBuildFile; fileRef = BCFFA1561BF9F912005A3BC1 /* it.json */; };
		BC4477AF1BFA457F00E8FB15 /* ja.json in Resources */ = {isa = PBXBuildFile; fileRef = BCFFA1571BF9F912005A3BC1 /* ja.json */; };
		BC4477B01BFA458200E8FB15 /* ko.json in Resources */ = {isa = PBXBuildFile; fileRef = BCFFA1581BF9F912005A3BC1 /* ko.json */; };
		BC4477B11BFA458500E8FB15 /* nb-NO.json in Resources */ = {isa = PBXBuildFile; fileRef = BCFFA1591BF9F912005A3BC1 /* nb-NO.json */; };
		BC4477B21BFA458700E8FB15 /* pl.json in Resources */ = {isa = PBXBuildFile; fileRef = BCFFA15A1BF9F912005A3BC1 /* pl.json */; };
		BC4477B31BFA458B00E8FB15 /* ru.json in Resources */ = {isa = PBXBuildFile; fileRef = BCFFA15B1BF9F912005A3BC1 /* ru.json */; };
		BC4477B51BFA458E00E8FB15 /* sk.json in Resources */ = {isa = PBXBuildFile; fileRef = BCFFA15C1BF9F912005A3BC1 /* sk.json */; };
		BC4477B61BFA459200E8FB15 /* sv.json in Resources */ = {isa = PBXBuildFile; fileRef = BCFFA15D1BF9F912005A3BC1 /* sv.json */; };
		BC4477B71BFA459400E8FB15 /* uk.json in Resources */ = {isa = PBXBuildFile; fileRef = BCFFA15E1BF9F912005A3BC1 /* uk.json */; };
		BC4477B81BFA459700E8FB15 /* zh-CN.json in Resources */ = {isa = PBXBuildFile; fileRef = BCFFA15F1BF9F912005A3BC1 /* zh-CN.json */; };
		BC4477B91BFA459A00E8FB15 /* zh-TW.json in Resources */ = {isa = PBXBuildFile; fileRef = BCFFA1601BF9F912005A3BC1 /* zh-TW.json */; };
		BC827FB21BFA3CE1005F09A4 /* Fakery.framework in Frameworks */ = {isa = PBXBuildFile; fileRef = BC827FA81BFA3CE1005F09A4 /* Fakery.framework */; };
		BCF0DF451BF9F77E00427DB4 /* Fakery.framework in Frameworks */ = {isa = PBXBuildFile; fileRef = BCF0DF3A1BF9F77E00427DB4 /* Fakery.framework */; };
		BCFFA1791BF9F912005A3BC1 /* de-AT.json in Resources */ = {isa = PBXBuildFile; fileRef = BCFFA1491BF9F912005A3BC1 /* de-AT.json */; };
		BCFFA17A1BF9F912005A3BC1 /* de-CH.json in Resources */ = {isa = PBXBuildFile; fileRef = BCFFA14A1BF9F912005A3BC1 /* de-CH.json */; };
		BCFFA17B1BF9F912005A3BC1 /* de.json in Resources */ = {isa = PBXBuildFile; fileRef = BCFFA14B1BF9F912005A3BC1 /* de.json */; };
		BCFFA17C1BF9F912005A3BC1 /* en-AU.json in Resources */ = {isa = PBXBuildFile; fileRef = BCFFA14C1BF9F912005A3BC1 /* en-AU.json */; };
		BCFFA17D1BF9F912005A3BC1 /* en-CA.json in Resources */ = {isa = PBXBuildFile; fileRef = BCFFA14D1BF9F912005A3BC1 /* en-CA.json */; };
		BCFFA17E1BF9F912005A3BC1 /* en-GB.json in Resources */ = {isa = PBXBuildFile; fileRef = BCFFA14E1BF9F912005A3BC1 /* en-GB.json */; };
		BCFFA17F1BF9F912005A3BC1 /* en-IND.json in Resources */ = {isa = PBXBuildFile; fileRef = BCFFA14F1BF9F912005A3BC1 /* en-IND.json */; };
		BCFFA1801BF9F912005A3BC1 /* en-TEST.json in Resources */ = {isa = PBXBuildFile; fileRef = BCFFA1501BF9F912005A3BC1 /* en-TEST.json */; };
		BCFFA1811BF9F912005A3BC1 /* en-US.json in Resources */ = {isa = PBXBuildFile; fileRef = BCFFA1511BF9F912005A3BC1 /* en-US.json */; };
		BCFFA1821BF9F912005A3BC1 /* en.json in Resources */ = {isa = PBXBuildFile; fileRef = BCFFA1521BF9F912005A3BC1 /* en.json */; };
		BCFFA1831BF9F912005A3BC1 /* es.json in Resources */ = {isa = PBXBuildFile; fileRef = BCFFA1531BF9F912005A3BC1 /* es.json */; };
		BCFFA1841BF9F912005A3BC1 /* fa.json in Resources */ = {isa = PBXBuildFile; fileRef = BCFFA1541BF9F912005A3BC1 /* fa.json */; };
		BCFFA1851BF9F912005A3BC1 /* fr.json in Resources */ = {isa = PBXBuildFile; fileRef = BCFFA1551BF9F912005A3BC1 /* fr.json */; };
		BCFFA1861BF9F912005A3BC1 /* it.json in Resources */ = {isa = PBXBuildFile; fileRef = BCFFA1561BF9F912005A3BC1 /* it.json */; };
		BCFFA1871BF9F912005A3BC1 /* ja.json in Resources */ = {isa = PBXBuildFile; fileRef = BCFFA1571BF9F912005A3BC1 /* ja.json */; };
		BCFFA1881BF9F912005A3BC1 /* ko.json in Resources */ = {isa = PBXBuildFile; fileRef = BCFFA1581BF9F912005A3BC1 /* ko.json */; };
		BCFFA1891BF9F912005A3BC1 /* nb-NO.json in Resources */ = {isa = PBXBuildFile; fileRef = BCFFA1591BF9F912005A3BC1 /* nb-NO.json */; };
		BCFFA18A1BF9F912005A3BC1 /* pl.json in Resources */ = {isa = PBXBuildFile; fileRef = BCFFA15A1BF9F912005A3BC1 /* pl.json */; };
		BCFFA18B1BF9F912005A3BC1 /* ru.json in Resources */ = {isa = PBXBuildFile; fileRef = BCFFA15B1BF9F912005A3BC1 /* ru.json */; };
		BCFFA18C1BF9F912005A3BC1 /* sk.json in Resources */ = {isa = PBXBuildFile; fileRef = BCFFA15C1BF9F912005A3BC1 /* sk.json */; };
		BCFFA18D1BF9F912005A3BC1 /* sv.json in Resources */ = {isa = PBXBuildFile; fileRef = BCFFA15D1BF9F912005A3BC1 /* sv.json */; };
		BCFFA18E1BF9F912005A3BC1 /* uk.json in Resources */ = {isa = PBXBuildFile; fileRef = BCFFA15E1BF9F912005A3BC1 /* uk.json */; };
		BCFFA18F1BF9F912005A3BC1 /* zh-CN.json in Resources */ = {isa = PBXBuildFile; fileRef = BCFFA15F1BF9F912005A3BC1 /* zh-CN.json */; };
		BCFFA1901BF9F912005A3BC1 /* zh-TW.json in Resources */ = {isa = PBXBuildFile; fileRef = BCFFA1601BF9F912005A3BC1 /* zh-TW.json */; };
		BCFFA1911BF9F912005A3BC1 /* Config.swift in Sources */ = {isa = PBXBuildFile; fileRef = BCFFA1621BF9F912005A3BC1 /* Config.swift */; };
		BCFFA1921BF9F912005A3BC1 /* Parser.swift in Sources */ = {isa = PBXBuildFile; fileRef = BCFFA1641BF9F912005A3BC1 /* Parser.swift */; };
		BCFFA1931BF9F912005A3BC1 /* Provider.swift in Sources */ = {isa = PBXBuildFile; fileRef = BCFFA1651BF9F912005A3BC1 /* Provider.swift */; };
		BCFFA1941BF9F912005A3BC1 /* ArrayExtension.swift in Sources */ = {isa = PBXBuildFile; fileRef = BCFFA1671BF9F912005A3BC1 /* ArrayExtension.swift */; };
		BCFFA1951BF9F912005A3BC1 /* Faker.swift in Sources */ = {isa = PBXBuildFile; fileRef = BCFFA1681BF9F912005A3BC1 /* Faker.swift */; };
		BCFFA1961BF9F912005A3BC1 /* Address.swift in Sources */ = {isa = PBXBuildFile; fileRef = BCFFA16A1BF9F912005A3BC1 /* Address.swift */; };
		BCFFA1971BF9F912005A3BC1 /* App.swift in Sources */ = {isa = PBXBuildFile; fileRef = BCFFA16B1BF9F912005A3BC1 /* App.swift */; };
		BCFFA1981BF9F912005A3BC1 /* Business.swift in Sources */ = {isa = PBXBuildFile; fileRef = BCFFA16C1BF9F912005A3BC1 /* Business.swift */; };
		BCFFA1991BF9F912005A3BC1 /* Commerce.swift in Sources */ = {isa = PBXBuildFile; fileRef = BCFFA16D1BF9F912005A3BC1 /* Commerce.swift */; };
		BCFFA19A1BF9F912005A3BC1 /* Company.swift in Sources */ = {isa = PBXBuildFile; fileRef = BCFFA16E1BF9F912005A3BC1 /* Company.swift */; };
		BCFFA19B1BF9F912005A3BC1 /* Generator.swift in Sources */ = {isa = PBXBuildFile; fileRef = BCFFA16F1BF9F912005A3BC1 /* Generator.swift */; };
		BCFFA19C1BF9F912005A3BC1 /* Internet.swift in Sources */ = {isa = PBXBuildFile; fileRef = BCFFA1701BF9F912005A3BC1 /* Internet.swift */; };
		BCFFA19D1BF9F912005A3BC1 /* Lorem.swift in Sources */ = {isa = PBXBuildFile; fileRef = BCFFA1711BF9F912005A3BC1 /* Lorem.swift */; };
		BCFFA19E1BF9F912005A3BC1 /* Name.swift in Sources */ = {isa = PBXBuildFile; fileRef = BCFFA1721BF9F912005A3BC1 /* Name.swift */; };
		BCFFA19F1BF9F912005A3BC1 /* PhoneNumber.swift in Sources */ = {isa = PBXBuildFile; fileRef = BCFFA1731BF9F912005A3BC1 /* PhoneNumber.swift */; };
		BCFFA1A01BF9F912005A3BC1 /* Team.swift in Sources */ = {isa = PBXBuildFile; fileRef = BCFFA1741BF9F912005A3BC1 /* Team.swift */; };
		D59B6CA01D99C45A007CB072 /* Config.swift in Sources */ = {isa = PBXBuildFile; fileRef = BCFFA1621BF9F912005A3BC1 /* Config.swift */; };
		D59B6CA11D99C45D007CB072 /* Parser.swift in Sources */ = {isa = PBXBuildFile; fileRef = BCFFA1641BF9F912005A3BC1 /* Parser.swift */; };
		D59B6CA21D99C460007CB072 /* Provider.swift in Sources */ = {isa = PBXBuildFile; fileRef = BCFFA1651BF9F912005A3BC1 /* Provider.swift */; };
		D59B6CA31D99C464007CB072 /* ArrayExtension.swift in Sources */ = {isa = PBXBuildFile; fileRef = BCFFA1671BF9F912005A3BC1 /* ArrayExtension.swift */; };
		D59B6CA41D99C467007CB072 /* Faker.swift in Sources */ = {isa = PBXBuildFile; fileRef = BCFFA1681BF9F912005A3BC1 /* Faker.swift */; };
		D59B6CA51D99C46C007CB072 /* Address.swift in Sources */ = {isa = PBXBuildFile; fileRef = BCFFA16A1BF9F912005A3BC1 /* Address.swift */; };
		D59B6CA61D99C46C007CB072 /* App.swift in Sources */ = {isa = PBXBuildFile; fileRef = BCFFA16B1BF9F912005A3BC1 /* App.swift */; };
		D59B6CA71D99C46C007CB072 /* Business.swift in Sources */ = {isa = PBXBuildFile; fileRef = BCFFA16C1BF9F912005A3BC1 /* Business.swift */; };
		D59B6CA81D99C46C007CB072 /* Commerce.swift in Sources */ = {isa = PBXBuildFile; fileRef = BCFFA16D1BF9F912005A3BC1 /* Commerce.swift */; };
		D59B6CA91D99C46C007CB072 /* Company.swift in Sources */ = {isa = PBXBuildFile; fileRef = BCFFA16E1BF9F912005A3BC1 /* Company.swift */; };
		D59B6CAA1D99C46C007CB072 /* Generator.swift in Sources */ = {isa = PBXBuildFile; fileRef = BCFFA16F1BF9F912005A3BC1 /* Generator.swift */; };
		D59B6CAB1D99C46C007CB072 /* Internet.swift in Sources */ = {isa = PBXBuildFile; fileRef = BCFFA1701BF9F912005A3BC1 /* Internet.swift */; };
		D59B6CAC1D99C46C007CB072 /* Lorem.swift in Sources */ = {isa = PBXBuildFile; fileRef = BCFFA1711BF9F912005A3BC1 /* Lorem.swift */; };
		D59B6CAD1D99C46C007CB072 /* Name.swift in Sources */ = {isa = PBXBuildFile; fileRef = BCFFA1721BF9F912005A3BC1 /* Name.swift */; };
		D59B6CAE1D99C46C007CB072 /* Number.swift in Sources */ = {isa = PBXBuildFile; fileRef = 09F65D6E1CA30351006C87C5 /* Number.swift */; };
		D59B6CAF1D99C46C007CB072 /* PhoneNumber.swift in Sources */ = {isa = PBXBuildFile; fileRef = BCFFA1731BF9F912005A3BC1 /* PhoneNumber.swift */; };
		D59B6CB01D99C46C007CB072 /* Team.swift in Sources */ = {isa = PBXBuildFile; fileRef = BCFFA1741BF9F912005A3BC1 /* Team.swift */; };
		D59B6CB11D99C485007CB072 /* de-AT.json in Resources */ = {isa = PBXBuildFile; fileRef = BCFFA1491BF9F912005A3BC1 /* de-AT.json */; };
		D59B6CB21D99C485007CB072 /* de-CH.json in Resources */ = {isa = PBXBuildFile; fileRef = BCFFA14A1BF9F912005A3BC1 /* de-CH.json */; };
		D59B6CB31D99C485007CB072 /* de.json in Resources */ = {isa = PBXBuildFile; fileRef = BCFFA14B1BF9F912005A3BC1 /* de.json */; };
		D59B6CB41D99C485007CB072 /* en-AU.json in Resources */ = {isa = PBXBuildFile; fileRef = BCFFA14C1BF9F912005A3BC1 /* en-AU.json */; };
		D59B6CB51D99C485007CB072 /* en-CA.json in Resources */ = {isa = PBXBuildFile; fileRef = BCFFA14D1BF9F912005A3BC1 /* en-CA.json */; };
		D59B6CB61D99C485007CB072 /* en-GB.json in Resources */ = {isa = PBXBuildFile; fileRef = BCFFA14E1BF9F912005A3BC1 /* en-GB.json */; };
		D59B6CB71D99C485007CB072 /* en-IND.json in Resources */ = {isa = PBXBuildFile; fileRef = BCFFA14F1BF9F912005A3BC1 /* en-IND.json */; };
		D59B6CB81D99C485007CB072 /* en-TEST.json in Resources */ = {isa = PBXBuildFile; fileRef = BCFFA1501BF9F912005A3BC1 /* en-TEST.json */; };
		D59B6CB91D99C485007CB072 /* en-US.json in Resources */ = {isa = PBXBuildFile; fileRef = BCFFA1511BF9F912005A3BC1 /* en-US.json */; };
		D59B6CBA1D99C485007CB072 /* en.json in Resources */ = {isa = PBXBuildFile; fileRef = BCFFA1521BF9F912005A3BC1 /* en.json */; };
		D59B6CBB1D99C485007CB072 /* es.json in Resources */ = {isa = PBXBuildFile; fileRef = BCFFA1531BF9F912005A3BC1 /* es.json */; };
		D59B6CBC1D99C485007CB072 /* fa.json in Resources */ = {isa = PBXBuildFile; fileRef = BCFFA1541BF9F912005A3BC1 /* fa.json */; };
		D59B6CBD1D99C485007CB072 /* fr.json in Resources */ = {isa = PBXBuildFile; fileRef = BCFFA1551BF9F912005A3BC1 /* fr.json */; };
		D59B6CBE1D99C485007CB072 /* it.json in Resources */ = {isa = PBXBuildFile; fileRef = BCFFA1561BF9F912005A3BC1 /* it.json */; };
		D59B6CBF1D99C485007CB072 /* ja.json in Resources */ = {isa = PBXBuildFile; fileRef = BCFFA1571BF9F912005A3BC1 /* ja.json */; };
		D59B6CC01D99C485007CB072 /* ko.json in Resources */ = {isa = PBXBuildFile; fileRef = BCFFA1581BF9F912005A3BC1 /* ko.json */; };
		D59B6CC11D99C485007CB072 /* nb-NO.json in Resources */ = {isa = PBXBuildFile; fileRef = BCFFA1591BF9F912005A3BC1 /* nb-NO.json */; };
		D59B6CC21D99C485007CB072 /* pl.json in Resources */ = {isa = PBXBuildFile; fileRef = BCFFA15A1BF9F912005A3BC1 /* pl.json */; };
		D59B6CC31D99C485007CB072 /* ru.json in Resources */ = {isa = PBXBuildFile; fileRef = BCFFA15B1BF9F912005A3BC1 /* ru.json */; };
		D59B6CC41D99C485007CB072 /* sk.json in Resources */ = {isa = PBXBuildFile; fileRef = BCFFA15C1BF9F912005A3BC1 /* sk.json */; };
		D59B6CC51D99C485007CB072 /* sv.json in Resources */ = {isa = PBXBuildFile; fileRef = BCFFA15D1BF9F912005A3BC1 /* sv.json */; };
		D59B6CC61D99C485007CB072 /* uk.json in Resources */ = {isa = PBXBuildFile; fileRef = BCFFA15E1BF9F912005A3BC1 /* uk.json */; };
		D59B6CC71D99C485007CB072 /* zh-CN.json in Resources */ = {isa = PBXBuildFile; fileRef = BCFFA15F1BF9F912005A3BC1 /* zh-CN.json */; };
		D59B6CC81D99C485007CB072 /* zh-TW.json in Resources */ = {isa = PBXBuildFile; fileRef = BCFFA1601BF9F912005A3BC1 /* zh-TW.json */; };
		D59B6D1C1D99C82D007CB072 /* ConfigSpec.swift in Sources */ = {isa = PBXBuildFile; fileRef = D59B6CED1D99C5FD007CB072 /* ConfigSpec.swift */; };
		D59B6D1D1D99C82D007CB072 /* FakerSpec.swift in Sources */ = {isa = PBXBuildFile; fileRef = D59B6CF11D99C5FD007CB072 /* FakerSpec.swift */; };
		D59B6D1E1D99C82D007CB072 /* ParserSpec.swift in Sources */ = {isa = PBXBuildFile; fileRef = D59B6CEF1D99C5FD007CB072 /* ParserSpec.swift */; };
		D59B6D1F1D99C82D007CB072 /* ProviderSpec.swift in Sources */ = {isa = PBXBuildFile; fileRef = D59B6CF01D99C5FD007CB072 /* ProviderSpec.swift */; };
		D59B6D201D99C82D007CB072 /* AddressSpec.swift in Sources */ = {isa = PBXBuildFile; fileRef = D59B6CF31D99C5FD007CB072 /* AddressSpec.swift */; };
		D59B6D211D99C82D007CB072 /* AppSpec.swift in Sources */ = {isa = PBXBuildFile; fileRef = D59B6CF41D99C5FD007CB072 /* AppSpec.swift */; };
		D59B6D221D99C82D007CB072 /* BusinessSpec.swift in Sources */ = {isa = PBXBuildFile; fileRef = D59B6CF51D99C5FD007CB072 /* BusinessSpec.swift */; };
		D59B6D231D99C82D007CB072 /* CommerceSpec.swift in Sources */ = {isa = PBXBuildFile; fileRef = D59B6CF61D99C5FD007CB072 /* CommerceSpec.swift */; };
		D59B6D241D99C82D007CB072 /* CompanySpec.swift in Sources */ = {isa = PBXBuildFile; fileRef = D59B6CF71D99C5FD007CB072 /* CompanySpec.swift */; };
		D59B6D251D99C82D007CB072 /* GeneratorSpec.swift in Sources */ = {isa = PBXBuildFile; fileRef = D59B6CF81D99C5FD007CB072 /* GeneratorSpec.swift */; };
		D59B6D261D99C82D007CB072 /* InternetSpec.swift in Sources */ = {isa = PBXBuildFile; fileRef = D59B6CF91D99C5FD007CB072 /* InternetSpec.swift */; };
		D59B6D271D99C82D007CB072 /* LoremSpec.swift in Sources */ = {isa = PBXBuildFile; fileRef = D59B6CFA1D99C5FD007CB072 /* LoremSpec.swift */; };
		D59B6D281D99C82D007CB072 /* NameSpec.swift in Sources */ = {isa = PBXBuildFile; fileRef = D59B6CFB1D99C5FD007CB072 /* NameSpec.swift */; };
		D59B6D291D99C82D007CB072 /* NumberSpec.swift in Sources */ = {isa = PBXBuildFile; fileRef = D59B6CFC1D99C5FD007CB072 /* NumberSpec.swift */; };
		D59B6D2A1D99C82D007CB072 /* PhoneNumberSpec.swift in Sources */ = {isa = PBXBuildFile; fileRef = D59B6CFD1D99C5FD007CB072 /* PhoneNumberSpec.swift */; };
		D59B6D2B1D99C82D007CB072 /* TeamSpec.swift in Sources */ = {isa = PBXBuildFile; fileRef = D59B6CFE1D99C5FD007CB072 /* TeamSpec.swift */; };
		D59B6D2C1D99C82E007CB072 /* ConfigSpec.swift in Sources */ = {isa = PBXBuildFile; fileRef = D59B6CED1D99C5FD007CB072 /* ConfigSpec.swift */; };
		D59B6D2D1D99C82E007CB072 /* FakerSpec.swift in Sources */ = {isa = PBXBuildFile; fileRef = D59B6CF11D99C5FD007CB072 /* FakerSpec.swift */; };
		D59B6D2E1D99C82E007CB072 /* ParserSpec.swift in Sources */ = {isa = PBXBuildFile; fileRef = D59B6CEF1D99C5FD007CB072 /* ParserSpec.swift */; };
		D59B6D2F1D99C82E007CB072 /* ProviderSpec.swift in Sources */ = {isa = PBXBuildFile; fileRef = D59B6CF01D99C5FD007CB072 /* ProviderSpec.swift */; };
		D59B6D301D99C82E007CB072 /* AddressSpec.swift in Sources */ = {isa = PBXBuildFile; fileRef = D59B6CF31D99C5FD007CB072 /* AddressSpec.swift */; };
		D59B6D311D99C82E007CB072 /* AppSpec.swift in Sources */ = {isa = PBXBuildFile; fileRef = D59B6CF41D99C5FD007CB072 /* AppSpec.swift */; };
		D59B6D321D99C82E007CB072 /* BusinessSpec.swift in Sources */ = {isa = PBXBuildFile; fileRef = D59B6CF51D99C5FD007CB072 /* BusinessSpec.swift */; };
		D59B6D331D99C82E007CB072 /* CommerceSpec.swift in Sources */ = {isa = PBXBuildFile; fileRef = D59B6CF61D99C5FD007CB072 /* CommerceSpec.swift */; };
		D59B6D341D99C82E007CB072 /* CompanySpec.swift in Sources */ = {isa = PBXBuildFile; fileRef = D59B6CF71D99C5FD007CB072 /* CompanySpec.swift */; };
		D59B6D351D99C82E007CB072 /* GeneratorSpec.swift in Sources */ = {isa = PBXBuildFile; fileRef = D59B6CF81D99C5FD007CB072 /* GeneratorSpec.swift */; };
		D59B6D361D99C82E007CB072 /* InternetSpec.swift in Sources */ = {isa = PBXBuildFile; fileRef = D59B6CF91D99C5FD007CB072 /* InternetSpec.swift */; };
		D59B6D371D99C82E007CB072 /* LoremSpec.swift in Sources */ = {isa = PBXBuildFile; fileRef = D59B6CFA1D99C5FD007CB072 /* LoremSpec.swift */; };
		D59B6D381D99C82E007CB072 /* NameSpec.swift in Sources */ = {isa = PBXBuildFile; fileRef = D59B6CFB1D99C5FD007CB072 /* NameSpec.swift */; };
		D59B6D391D99C82E007CB072 /* NumberSpec.swift in Sources */ = {isa = PBXBuildFile; fileRef = D59B6CFC1D99C5FD007CB072 /* NumberSpec.swift */; };
		D59B6D3A1D99C82E007CB072 /* PhoneNumberSpec.swift in Sources */ = {isa = PBXBuildFile; fileRef = D59B6CFD1D99C5FD007CB072 /* PhoneNumberSpec.swift */; };
		D59B6D3B1D99C82E007CB072 /* TeamSpec.swift in Sources */ = {isa = PBXBuildFile; fileRef = D59B6CFE1D99C5FD007CB072 /* TeamSpec.swift */; };
		E1128FFA2283207B008F7FD1 /* GenderSpec.swift in Sources */ = {isa = PBXBuildFile; fileRef = E1128FF822831FAC008F7FD1 /* GenderSpec.swift */; };
		E1128FFB22832080008F7FD1 /* GenderSpec.swift in Sources */ = {isa = PBXBuildFile; fileRef = E1128FF822831FAC008F7FD1 /* GenderSpec.swift */; };
		E1128FFD22832235008F7FD1 /* Gender.swift in Sources */ = {isa = PBXBuildFile; fileRef = E1128FFC22832235008F7FD1 /* Gender.swift */; };
		E1128FFE22832248008F7FD1 /* Gender.swift in Sources */ = {isa = PBXBuildFile; fileRef = E1128FFC22832235008F7FD1 /* Gender.swift */; };
		E1128FFF22832248008F7FD1 /* Gender.swift in Sources */ = {isa = PBXBuildFile; fileRef = E1128FFC22832235008F7FD1 /* Gender.swift */; };
		F178E88722831FC400A166DC /* VehicleSpec.swift in Sources */ = {isa = PBXBuildFile; fileRef = F178E88522831FA600A166DC /* VehicleSpec.swift */; };
		F178E88822831FC400A166DC /* VehicleSpec.swift in Sources */ = {isa = PBXBuildFile; fileRef = F178E88522831FA600A166DC /* VehicleSpec.swift */; };
		F178E88A2283212B00A166DC /* Vehicle.swift in Sources */ = {isa = PBXBuildFile; fileRef = F178E8892283212B00A166DC /* Vehicle.swift */; };
		F178E88B2283227C00A166DC /* Vehicle.swift in Sources */ = {isa = PBXBuildFile; fileRef = F178E8892283212B00A166DC /* Vehicle.swift */; };
		F178E88C2283227D00A166DC /* Vehicle.swift in Sources */ = {isa = PBXBuildFile; fileRef = F178E8892283212B00A166DC /* Vehicle.swift */; };
		F7A019902283206600B92D39 /* HamSpec.swift in Sources */ = {isa = PBXBuildFile; fileRef = F7A0198F22831FCB00B92D39 /* HamSpec.swift */; };
		F7A019912283206600B92D39 /* HamSpec.swift in Sources */ = {isa = PBXBuildFile; fileRef = F7A0198F22831FCB00B92D39 /* HamSpec.swift */; };
		F7A019932283212900B92D39 /* Ham.swift in Sources */ = {isa = PBXBuildFile; fileRef = F7A019922283212000B92D39 /* Ham.swift */; };
		F7A019942283212A00B92D39 /* Ham.swift in Sources */ = {isa = PBXBuildFile; fileRef = F7A019922283212000B92D39 /* Ham.swift */; };
		F7A019952283212B00B92D39 /* Ham.swift in Sources */ = {isa = PBXBuildFile; fileRef = F7A019922283212000B92D39 /* Ham.swift */; };
/* End PBXBuildFile section */

/* Begin PBXContainerItemProxy section */
		BC827FB31BFA3CE1005F09A4 /* PBXContainerItemProxy */ = {
			isa = PBXContainerItemProxy;
			containerPortal = BCF0DF311BF9F77E00427DB4 /* Project object */;
			proxyType = 1;
			remoteGlobalIDString = BC827FA71BFA3CE1005F09A4;
			remoteInfo = "Fakery OSX";
		};
		BCF0DF461BF9F77E00427DB4 /* PBXContainerItemProxy */ = {
			isa = PBXContainerItemProxy;
			containerPortal = BCF0DF311BF9F77E00427DB4 /* Project object */;
			proxyType = 1;
			remoteGlobalIDString = BCF0DF391BF9F77E00427DB4;
			remoteInfo = Fakery;
		};
/* End PBXContainerItemProxy section */

/* Begin PBXCopyFilesBuildPhase section */
		301387DD22E8E95A001313B6 /* CopyFiles */ = {
			isa = PBXCopyFilesBuildPhase;
			buildActionMask = 2147483647;
			dstPath = "";
			dstSubfolderSpec = 10;
			files = (
				301387ED22E8EB36001313B6 /* Nimble.framework in CopyFiles */,
				301387EE22E8EB36001313B6 /* Quick.framework in CopyFiles */,
			);
			runOnlyForDeploymentPostprocessing = 0;
		};
		301387E022E8E9F2001313B6 /* CopyFiles */ = {
			isa = PBXCopyFilesBuildPhase;
			buildActionMask = 2147483647;
			dstPath = "";
			dstSubfolderSpec = 10;
			files = (
				301387E922E8EB23001313B6 /* Nimble.framework in CopyFiles */,
				301387EA22E8EB23001313B6 /* Quick.framework in CopyFiles */,
			);
			runOnlyForDeploymentPostprocessing = 0;
		};
/* End PBXCopyFilesBuildPhase section */

/* Begin PBXFileReference section */
		05F367C722831FE900AB2165 /* ProgrammingLanguageSpec.swift */ = {isa = PBXFileReference; lastKnownFileType = sourcecode.swift; path = ProgrammingLanguageSpec.swift; sourceTree = "<group>"; };
		05F367CB2283222B00AB2165 /* ProgrammingLanguage.swift */ = {isa = PBXFileReference; lastKnownFileType = sourcecode.swift; path = ProgrammingLanguage.swift; sourceTree = "<group>"; };
		09F65D6E1CA30351006C87C5 /* Number.swift */ = {isa = PBXFileReference; fileEncoding = 4; lastKnownFileType = sourcecode.swift; path = Number.swift; sourceTree = "<group>"; };
		105747991F6FBAA500154ECB /* BankSpec.swift */ = {isa = PBXFileReference; fileEncoding = 4; lastKnownFileType = sourcecode.swift; path = BankSpec.swift; sourceTree = "<group>"; };
		1057479C1F6FBF6C00154ECB /* Bank.swift */ = {isa = PBXFileReference; fileEncoding = 4; lastKnownFileType = sourcecode.swift; path = Bank.swift; sourceTree = "<group>"; };
		105747A01F6FFB9F00154ECB /* nl.json */ = {isa = PBXFileReference; fileEncoding = 4; lastKnownFileType = text.json; path = nl.json; sourceTree = "<group>"; };
		20580DDD2283205E00D46446 /* CatSpec.swift */ = {isa = PBXFileReference; fileEncoding = 4; lastKnownFileType = sourcecode.swift; path = CatSpec.swift; sourceTree = "<group>"; };
		20580DE02283222C00D46446 /* Cat.swift */ = {isa = PBXFileReference; lastKnownFileType = sourcecode.swift; path = Cat.swift; sourceTree = "<group>"; };
		2A17AB091E4E45A600011BC6 /* tr-TR.json */ = {isa = PBXFileReference; fileEncoding = 4; lastKnownFileType = text.json; path = "tr-TR.json"; sourceTree = "<group>"; };
		301387E322E8EA89001313B6 /* Nimble.framework */ = {isa = PBXFileReference; lastKnownFileType = wrapper.framework; name = Nimble.framework; path = Carthage/Build/iOS/Nimble.framework; sourceTree = "<group>"; };
		301387E422E8EAA5001313B6 /* Quick.framework */ = {isa = PBXFileReference; lastKnownFileType = wrapper.framework; name = Quick.framework; path = Carthage/Build/iOS/Quick.framework; sourceTree = "<group>"; };
		301387E522E8EB02001313B6 /* Quick.framework */ = {isa = PBXFileReference; lastKnownFileType = wrapper.framework; name = Quick.framework; path = Carthage/Build/Mac/Quick.framework; sourceTree = "<group>"; };
		301387E622E8EB03001313B6 /* Nimble.framework */ = {isa = PBXFileReference; lastKnownFileType = wrapper.framework; name = Nimble.framework; path = Carthage/Build/Mac/Nimble.framework; sourceTree = "<group>"; };
		504F66DB22AE32A500F9CDB3 /* HouseSpec.swift */ = {isa = PBXFileReference; lastKnownFileType = sourcecode.swift; path = HouseSpec.swift; sourceTree = "<group>"; };
		504F66DF22AE32CB00F9CDB3 /* House.swift */ = {isa = PBXFileReference; lastKnownFileType = sourcecode.swift; path = House.swift; sourceTree = "<group>"; };
		6ED4CE5A228C2EBB0026E55A /* ZeldaSpec.swift */ = {isa = PBXFileReference; lastKnownFileType = sourcecode.swift; path = ZeldaSpec.swift; sourceTree = "<group>"; };
		6ED4CE5D228C30250026E55A /* Zelda.swift */ = {isa = PBXFileReference; lastKnownFileType = sourcecode.swift; path = Zelda.swift; sourceTree = "<group>"; };
		8C12478722832171009400B4 /* CarSpec.swift */ = {isa = PBXFileReference; lastKnownFileType = sourcecode.swift; path = CarSpec.swift; sourceTree = "<group>"; };
		8C12478A228321C4009400B4 /* Car.swift */ = {isa = PBXFileReference; lastKnownFileType = sourcecode.swift; path = Car.swift; sourceTree = "<group>"; };
		90D66FAF22833A1F00545C90 /* HobbitSpec.swift */ = {isa = PBXFileReference; fileEncoding = 4; lastKnownFileType = sourcecode.swift; path = HobbitSpec.swift; sourceTree = "<group>"; };
		90D66FB222833A3100545C90 /* Hobbit.swift */ = {isa = PBXFileReference; fileEncoding = 4; lastKnownFileType = sourcecode.swift; path = Hobbit.swift; sourceTree = "<group>"; };
		AC88DC0A21531E2E007198E6 /* Date.swift */ = {isa = PBXFileReference; lastKnownFileType = sourcecode.swift; path = Date.swift; sourceTree = "<group>"; };
		AC88DC0C215330A3007198E6 /* DateSpec.swift */ = {isa = PBXFileReference; lastKnownFileType = sourcecode.swift; path = DateSpec.swift; sourceTree = "<group>"; };
		BC827FA81BFA3CE1005F09A4 /* Fakery.framework */ = {isa = PBXFileReference; explicitFileType = wrapper.framework; includeInIndex = 0; path = Fakery.framework; sourceTree = BUILT_PRODUCTS_DIR; };
		BC827FB11BFA3CE1005F09A4 /* Fakery-macOS-Tests.xctest */ = {isa = PBXFileReference; explicitFileType = wrapper.cfbundle; includeInIndex = 0; path = "Fakery-macOS-Tests.xctest"; sourceTree = BUILT_PRODUCTS_DIR; };
		BCF0DF3A1BF9F77E00427DB4 /* Fakery.framework */ = {isa = PBXFileReference; explicitFileType = wrapper.framework; includeInIndex = 0; path = Fakery.framework; sourceTree = BUILT_PRODUCTS_DIR; };
		BCF0DF441BF9F77E00427DB4 /* Fakery-iOS-Tests.xctest */ = {isa = PBXFileReference; explicitFileType = wrapper.cfbundle; includeInIndex = 0; path = "Fakery-iOS-Tests.xctest"; sourceTree = BUILT_PRODUCTS_DIR; };
		BCFFA1491BF9F912005A3BC1 /* de-AT.json */ = {isa = PBXFileReference; fileEncoding = 4; lastKnownFileType = text.json; path = "de-AT.json"; sourceTree = "<group>"; };
		BCFFA14A1BF9F912005A3BC1 /* de-CH.json */ = {isa = PBXFileReference; fileEncoding = 4; lastKnownFileType = text.json; path = "de-CH.json"; sourceTree = "<group>"; };
		BCFFA14B1BF9F912005A3BC1 /* de.json */ = {isa = PBXFileReference; fileEncoding = 4; lastKnownFileType = text.json; path = de.json; sourceTree = "<group>"; };
		BCFFA14C1BF9F912005A3BC1 /* en-AU.json */ = {isa = PBXFileReference; fileEncoding = 4; lastKnownFileType = text.json; path = "en-AU.json"; sourceTree = "<group>"; };
		BCFFA14D1BF9F912005A3BC1 /* en-CA.json */ = {isa = PBXFileReference; fileEncoding = 4; lastKnownFileType = text.json; path = "en-CA.json"; sourceTree = "<group>"; };
		BCFFA14E1BF9F912005A3BC1 /* en-GB.json */ = {isa = PBXFileReference; fileEncoding = 4; lastKnownFileType = text.json; path = "en-GB.json"; sourceTree = "<group>"; };
		BCFFA14F1BF9F912005A3BC1 /* en-IND.json */ = {isa = PBXFileReference; fileEncoding = 4; lastKnownFileType = text.json; path = "en-IND.json"; sourceTree = "<group>"; };
		BCFFA1501BF9F912005A3BC1 /* en-TEST.json */ = {isa = PBXFileReference; fileEncoding = 4; lastKnownFileType = text.json; path = "en-TEST.json"; sourceTree = "<group>"; };
		BCFFA1511BF9F912005A3BC1 /* en-US.json */ = {isa = PBXFileReference; fileEncoding = 4; lastKnownFileType = text.json; path = "en-US.json"; sourceTree = "<group>"; };
		BCFFA1521BF9F912005A3BC1 /* en.json */ = {isa = PBXFileReference; fileEncoding = 4; lastKnownFileType = text.json; path = en.json; sourceTree = "<group>"; };
		BCFFA1531BF9F912005A3BC1 /* es.json */ = {isa = PBXFileReference; fileEncoding = 4; lastKnownFileType = text.json; path = es.json; sourceTree = "<group>"; };
		BCFFA1541BF9F912005A3BC1 /* fa.json */ = {isa = PBXFileReference; fileEncoding = 4; lastKnownFileType = text.json; path = fa.json; sourceTree = "<group>"; };
		BCFFA1551BF9F912005A3BC1 /* fr.json */ = {isa = PBXFileReference; fileEncoding = 4; lastKnownFileType = text.json; path = fr.json; sourceTree = "<group>"; };
		BCFFA1561BF9F912005A3BC1 /* it.json */ = {isa = PBXFileReference; fileEncoding = 4; lastKnownFileType = text.json; path = it.json; sourceTree = "<group>"; };
		BCFFA1571BF9F912005A3BC1 /* ja.json */ = {isa = PBXFileReference; fileEncoding = 4; lastKnownFileType = text.json; path = ja.json; sourceTree = "<group>"; };
		BCFFA1581BF9F912005A3BC1 /* ko.json */ = {isa = PBXFileReference; fileEncoding = 4; lastKnownFileType = text.json; path = ko.json; sourceTree = "<group>"; };
		BCFFA1591BF9F912005A3BC1 /* nb-NO.json */ = {isa = PBXFileReference; fileEncoding = 4; lastKnownFileType = text.json; path = "nb-NO.json"; sourceTree = "<group>"; };
		BCFFA15A1BF9F912005A3BC1 /* pl.json */ = {isa = PBXFileReference; fileEncoding = 4; lastKnownFileType = text.json; path = pl.json; sourceTree = "<group>"; };
		BCFFA15B1BF9F912005A3BC1 /* ru.json */ = {isa = PBXFileReference; fileEncoding = 4; lastKnownFileType = text.json; path = ru.json; sourceTree = "<group>"; };
		BCFFA15C1BF9F912005A3BC1 /* sk.json */ = {isa = PBXFileReference; fileEncoding = 4; lastKnownFileType = text.json; path = sk.json; sourceTree = "<group>"; };
		BCFFA15D1BF9F912005A3BC1 /* sv.json */ = {isa = PBXFileReference; fileEncoding = 4; lastKnownFileType = text.json; path = sv.json; sourceTree = "<group>"; };
		BCFFA15E1BF9F912005A3BC1 /* uk.json */ = {isa = PBXFileReference; fileEncoding = 4; lastKnownFileType = text.json; path = uk.json; sourceTree = "<group>"; };
		BCFFA15F1BF9F912005A3BC1 /* zh-CN.json */ = {isa = PBXFileReference; fileEncoding = 4; lastKnownFileType = text.json; path = "zh-CN.json"; sourceTree = "<group>"; };
		BCFFA1601BF9F912005A3BC1 /* zh-TW.json */ = {isa = PBXFileReference; fileEncoding = 4; lastKnownFileType = text.json; path = "zh-TW.json"; sourceTree = "<group>"; };
		BCFFA1621BF9F912005A3BC1 /* Config.swift */ = {isa = PBXFileReference; fileEncoding = 4; lastKnownFileType = sourcecode.swift; path = Config.swift; sourceTree = "<group>"; };
		BCFFA1641BF9F912005A3BC1 /* Parser.swift */ = {isa = PBXFileReference; fileEncoding = 4; lastKnownFileType = sourcecode.swift; path = Parser.swift; sourceTree = "<group>"; };
		BCFFA1651BF9F912005A3BC1 /* Provider.swift */ = {isa = PBXFileReference; fileEncoding = 4; lastKnownFileType = sourcecode.swift; path = Provider.swift; sourceTree = "<group>"; };
		BCFFA1671BF9F912005A3BC1 /* ArrayExtension.swift */ = {isa = PBXFileReference; fileEncoding = 4; lastKnownFileType = sourcecode.swift; path = ArrayExtension.swift; sourceTree = "<group>"; };
		BCFFA1681BF9F912005A3BC1 /* Faker.swift */ = {isa = PBXFileReference; fileEncoding = 4; lastKnownFileType = sourcecode.swift; path = Faker.swift; sourceTree = "<group>"; };
		BCFFA16A1BF9F912005A3BC1 /* Address.swift */ = {isa = PBXFileReference; fileEncoding = 4; lastKnownFileType = sourcecode.swift; path = Address.swift; sourceTree = "<group>"; };
		BCFFA16B1BF9F912005A3BC1 /* App.swift */ = {isa = PBXFileReference; fileEncoding = 4; lastKnownFileType = sourcecode.swift; path = App.swift; sourceTree = "<group>"; };
		BCFFA16C1BF9F912005A3BC1 /* Business.swift */ = {isa = PBXFileReference; fileEncoding = 4; lastKnownFileType = sourcecode.swift; path = Business.swift; sourceTree = "<group>"; };
		BCFFA16D1BF9F912005A3BC1 /* Commerce.swift */ = {isa = PBXFileReference; fileEncoding = 4; lastKnownFileType = sourcecode.swift; path = Commerce.swift; sourceTree = "<group>"; };
		BCFFA16E1BF9F912005A3BC1 /* Company.swift */ = {isa = PBXFileReference; fileEncoding = 4; lastKnownFileType = sourcecode.swift; path = Company.swift; sourceTree = "<group>"; };
		BCFFA16F1BF9F912005A3BC1 /* Generator.swift */ = {isa = PBXFileReference; fileEncoding = 4; lastKnownFileType = sourcecode.swift; path = Generator.swift; sourceTree = "<group>"; };
		BCFFA1701BF9F912005A3BC1 /* Internet.swift */ = {isa = PBXFileReference; fileEncoding = 4; lastKnownFileType = sourcecode.swift; path = Internet.swift; sourceTree = "<group>"; };
		BCFFA1711BF9F912005A3BC1 /* Lorem.swift */ = {isa = PBXFileReference; fileEncoding = 4; lastKnownFileType = sourcecode.swift; path = Lorem.swift; sourceTree = "<group>"; };
		BCFFA1721BF9F912005A3BC1 /* Name.swift */ = {isa = PBXFileReference; fileEncoding = 4; lastKnownFileType = sourcecode.swift; path = Name.swift; sourceTree = "<group>"; };
		BCFFA1731BF9F912005A3BC1 /* PhoneNumber.swift */ = {isa = PBXFileReference; fileEncoding = 4; lastKnownFileType = sourcecode.swift; path = PhoneNumber.swift; sourceTree = "<group>"; };
		BCFFA1741BF9F912005A3BC1 /* Team.swift */ = {isa = PBXFileReference; fileEncoding = 4; lastKnownFileType = sourcecode.swift; path = Team.swift; sourceTree = "<group>"; };
		BDC291281D9441F2007DA2FC /* Fakery.framework */ = {isa = PBXFileReference; explicitFileType = wrapper.framework; includeInIndex = 0; path = Fakery.framework; sourceTree = BUILT_PRODUCTS_DIR; };
		D59B6CED1D99C5FD007CB072 /* ConfigSpec.swift */ = {isa = PBXFileReference; fileEncoding = 4; lastKnownFileType = sourcecode.swift; path = ConfigSpec.swift; sourceTree = "<group>"; };
		D59B6CEF1D99C5FD007CB072 /* ParserSpec.swift */ = {isa = PBXFileReference; fileEncoding = 4; lastKnownFileType = sourcecode.swift; path = ParserSpec.swift; sourceTree = "<group>"; };
		D59B6CF01D99C5FD007CB072 /* ProviderSpec.swift */ = {isa = PBXFileReference; fileEncoding = 4; lastKnownFileType = sourcecode.swift; path = ProviderSpec.swift; sourceTree = "<group>"; };
		D59B6CF11D99C5FD007CB072 /* FakerSpec.swift */ = {isa = PBXFileReference; fileEncoding = 4; lastKnownFileType = sourcecode.swift; path = FakerSpec.swift; sourceTree = "<group>"; };
		D59B6CF31D99C5FD007CB072 /* AddressSpec.swift */ = {isa = PBXFileReference; fileEncoding = 4; lastKnownFileType = sourcecode.swift; path = AddressSpec.swift; sourceTree = "<group>"; };
		D59B6CF41D99C5FD007CB072 /* AppSpec.swift */ = {isa = PBXFileReference; fileEncoding = 4; lastKnownFileType = sourcecode.swift; path = AppSpec.swift; sourceTree = "<group>"; };
		D59B6CF51D99C5FD007CB072 /* BusinessSpec.swift */ = {isa = PBXFileReference; fileEncoding = 4; lastKnownFileType = sourcecode.swift; path = BusinessSpec.swift; sourceTree = "<group>"; };
		D59B6CF61D99C5FD007CB072 /* CommerceSpec.swift */ = {isa = PBXFileReference; fileEncoding = 4; lastKnownFileType = sourcecode.swift; path = CommerceSpec.swift; sourceTree = "<group>"; };
		D59B6CF71D99C5FD007CB072 /* CompanySpec.swift */ = {isa = PBXFileReference; fileEncoding = 4; lastKnownFileType = sourcecode.swift; path = CompanySpec.swift; sourceTree = "<group>"; };
		D59B6CF81D99C5FD007CB072 /* GeneratorSpec.swift */ = {isa = PBXFileReference; fileEncoding = 4; lastKnownFileType = sourcecode.swift; path = GeneratorSpec.swift; sourceTree = "<group>"; };
		D59B6CF91D99C5FD007CB072 /* InternetSpec.swift */ = {isa = PBXFileReference; fileEncoding = 4; lastKnownFileType = sourcecode.swift; path = InternetSpec.swift; sourceTree = "<group>"; };
		D59B6CFA1D99C5FD007CB072 /* LoremSpec.swift */ = {isa = PBXFileReference; fileEncoding = 4; lastKnownFileType = sourcecode.swift; path = LoremSpec.swift; sourceTree = "<group>"; };
		D59B6CFB1D99C5FD007CB072 /* NameSpec.swift */ = {isa = PBXFileReference; fileEncoding = 4; lastKnownFileType = sourcecode.swift; path = NameSpec.swift; sourceTree = "<group>"; };
		D59B6CFC1D99C5FD007CB072 /* NumberSpec.swift */ = {isa = PBXFileReference; fileEncoding = 4; lastKnownFileType = sourcecode.swift; path = NumberSpec.swift; sourceTree = "<group>"; };
		D59B6CFD1D99C5FD007CB072 /* PhoneNumberSpec.swift */ = {isa = PBXFileReference; fileEncoding = 4; lastKnownFileType = sourcecode.swift; path = PhoneNumberSpec.swift; sourceTree = "<group>"; };
		D59B6CFE1D99C5FD007CB072 /* TeamSpec.swift */ = {isa = PBXFileReference; fileEncoding = 4; lastKnownFileType = sourcecode.swift; path = TeamSpec.swift; sourceTree = "<group>"; };
		D59B6D101D99C6C7007CB072 /* Info-iOS.plist */ = {isa = PBXFileReference; fileEncoding = 4; lastKnownFileType = text.plist.xml; path = "Info-iOS.plist"; sourceTree = "<group>"; };
		D59B6D111D99C6C7007CB072 /* Info-Mac.plist */ = {isa = PBXFileReference; fileEncoding = 4; lastKnownFileType = text.plist.xml; path = "Info-Mac.plist"; sourceTree = "<group>"; };
		D59B6D121D99C6C7007CB072 /* Info-Tests-iOS.plist */ = {isa = PBXFileReference; fileEncoding = 4; lastKnownFileType = text.plist.xml; path = "Info-Tests-iOS.plist"; sourceTree = "<group>"; };
		D59B6D131D99C6C7007CB072 /* Info-Tests-Mac.plist */ = {isa = PBXFileReference; fileEncoding = 4; lastKnownFileType = text.plist.xml; path = "Info-Tests-Mac.plist"; sourceTree = "<group>"; };
		D59B6D141D99C6C7007CB072 /* Info-Tests-tvOS.plist */ = {isa = PBXFileReference; fileEncoding = 4; lastKnownFileType = text.plist.xml; path = "Info-Tests-tvOS.plist"; sourceTree = "<group>"; };
		D59B6D151D99C6C7007CB072 /* Info-tvOS.plist */ = {isa = PBXFileReference; fileEncoding = 4; lastKnownFileType = text.plist.xml; path = "Info-tvOS.plist"; sourceTree = "<group>"; };
		E1128FF822831FAC008F7FD1 /* GenderSpec.swift */ = {isa = PBXFileReference; lastKnownFileType = sourcecode.swift; path = GenderSpec.swift; sourceTree = "<group>"; };
		E1128FFC22832235008F7FD1 /* Gender.swift */ = {isa = PBXFileReference; lastKnownFileType = sourcecode.swift; path = Gender.swift; sourceTree = "<group>"; };
		F178E88522831FA600A166DC /* VehicleSpec.swift */ = {isa = PBXFileReference; lastKnownFileType = sourcecode.swift; path = VehicleSpec.swift; sourceTree = "<group>"; };
		F178E8892283212B00A166DC /* Vehicle.swift */ = {isa = PBXFileReference; lastKnownFileType = sourcecode.swift; path = Vehicle.swift; sourceTree = "<group>"; };
		F7A0198F22831FCB00B92D39 /* HamSpec.swift */ = {isa = PBXFileReference; lastKnownFileType = sourcecode.swift; path = HamSpec.swift; sourceTree = "<group>"; };
		F7A019922283212000B92D39 /* Ham.swift */ = {isa = PBXFileReference; lastKnownFileType = sourcecode.swift; path = Ham.swift; sourceTree = "<group>"; };
/* End PBXFileReference section */

/* Begin PBXFrameworksBuildPhase section */
		BC827FA41BFA3CE1005F09A4 /* Frameworks */ = {
			isa = PBXFrameworksBuildPhase;
			buildActionMask = 2147483647;
			files = (
			);
			runOnlyForDeploymentPostprocessing = 0;
		};
		BC827FAE1BFA3CE1005F09A4 /* Frameworks */ = {
			isa = PBXFrameworksBuildPhase;
			buildActionMask = 2147483647;
			files = (
				BC827FB21BFA3CE1005F09A4 /* Fakery.framework in Frameworks */,
				301387E722E8EB20001313B6 /* Nimble.framework in Frameworks */,
				301387E822E8EB20001313B6 /* Quick.framework in Frameworks */,
			);
			runOnlyForDeploymentPostprocessing = 0;
		};
		BCF0DF361BF9F77E00427DB4 /* Frameworks */ = {
			isa = PBXFrameworksBuildPhase;
			buildActionMask = 2147483647;
			files = (
			);
			runOnlyForDeploymentPostprocessing = 0;
		};
		BCF0DF411BF9F77E00427DB4 /* Frameworks */ = {
			isa = PBXFrameworksBuildPhase;
			buildActionMask = 2147483647;
			files = (
				BCF0DF451BF9F77E00427DB4 /* Fakery.framework in Frameworks */,
				301387EB22E8EB2E001313B6 /* Nimble.framework in Frameworks */,
				301387EC22E8EB2E001313B6 /* Quick.framework in Frameworks */,
			);
			runOnlyForDeploymentPostprocessing = 0;
		};
		BDC291241D9441F2007DA2FC /* Frameworks */ = {
			isa = PBXFrameworksBuildPhase;
			buildActionMask = 2147483647;
			files = (
			);
			runOnlyForDeploymentPostprocessing = 0;
		};
/* End PBXFrameworksBuildPhase section */

/* Begin PBXGroup section */
		301387C722E8E3EC001313B6 /* Frameworks */ = {
			isa = PBXGroup;
			children = (
				301387E622E8EB03001313B6 /* Nimble.framework */,
				301387E522E8EB02001313B6 /* Quick.framework */,
				301387E322E8EA89001313B6 /* Nimble.framework */,
				301387E422E8EAA5001313B6 /* Quick.framework */,
			);
			name = Frameworks;
			sourceTree = "<group>";
		};
		BCF0DF301BF9F77E00427DB4 = {
			isa = PBXGroup;
			children = (
				D59B6D0F1D99C6C7007CB072 /* Project */,
				BCFFA1471BF9F912005A3BC1 /* Resources */,
				BCFFA1611BF9F912005A3BC1 /* Sources */,
				BCFFA1761BF9F912005A3BC1 /* Tests */,
				BCF0DF3B1BF9F77E00427DB4 /* Products */,
				301387C722E8E3EC001313B6 /* Frameworks */,
			);
			indentWidth = 2;
			sourceTree = "<group>";
			tabWidth = 2;
		};
		BCF0DF3B1BF9F77E00427DB4 /* Products */ = {
			isa = PBXGroup;
			children = (
				BCF0DF3A1BF9F77E00427DB4 /* Fakery.framework */,
				BCF0DF441BF9F77E00427DB4 /* Fakery-iOS-Tests.xctest */,
				BC827FA81BFA3CE1005F09A4 /* Fakery.framework */,
				BC827FB11BFA3CE1005F09A4 /* Fakery-macOS-Tests.xctest */,
				BDC291281D9441F2007DA2FC /* Fakery.framework */,
			);
			name = Products;
			sourceTree = "<group>";
		};
		BCFFA1471BF9F912005A3BC1 /* Resources */ = {
			isa = PBXGroup;
			children = (
				BCFFA1481BF9F912005A3BC1 /* Locales */,
			);
			path = Resources;
			sourceTree = "<group>";
		};
		BCFFA1481BF9F912005A3BC1 /* Locales */ = {
			isa = PBXGroup;
			children = (
				BCFFA1491BF9F912005A3BC1 /* de-AT.json */,
				BCFFA14A1BF9F912005A3BC1 /* de-CH.json */,
				BCFFA14B1BF9F912005A3BC1 /* de.json */,
				BCFFA14C1BF9F912005A3BC1 /* en-AU.json */,
				BCFFA14D1BF9F912005A3BC1 /* en-CA.json */,
				BCFFA14E1BF9F912005A3BC1 /* en-GB.json */,
				BCFFA14F1BF9F912005A3BC1 /* en-IND.json */,
				BCFFA1501BF9F912005A3BC1 /* en-TEST.json */,
				BCFFA1511BF9F912005A3BC1 /* en-US.json */,
				BCFFA1521BF9F912005A3BC1 /* en.json */,
				BCFFA1531BF9F912005A3BC1 /* es.json */,
				BCFFA1541BF9F912005A3BC1 /* fa.json */,
				BCFFA1551BF9F912005A3BC1 /* fr.json */,
				BCFFA1561BF9F912005A3BC1 /* it.json */,
				BCFFA1571BF9F912005A3BC1 /* ja.json */,
				BCFFA1581BF9F912005A3BC1 /* ko.json */,
				BCFFA1591BF9F912005A3BC1 /* nb-NO.json */,
				BCFFA15A1BF9F912005A3BC1 /* pl.json */,
				BCFFA15B1BF9F912005A3BC1 /* ru.json */,
				BCFFA15C1BF9F912005A3BC1 /* sk.json */,
				BCFFA15D1BF9F912005A3BC1 /* sv.json */,
				BCFFA15E1BF9F912005A3BC1 /* uk.json */,
				BCFFA15F1BF9F912005A3BC1 /* zh-CN.json */,
				BCFFA1601BF9F912005A3BC1 /* zh-TW.json */,
				2A17AB091E4E45A600011BC6 /* tr-TR.json */,
				105747A01F6FFB9F00154ECB /* nl.json */,
			);
			path = Locales;
			sourceTree = "<group>";
		};
		BCFFA1611BF9F912005A3BC1 /* Sources */ = {
			isa = PBXGroup;
			children = (
				D535B6521F954FC20023F851 /* Fakery */,
			);
			path = Sources;
			sourceTree = "<group>";
		};
		BCFFA1631BF9F912005A3BC1 /* Data */ = {
			isa = PBXGroup;
			children = (
				BCFFA1641BF9F912005A3BC1 /* Parser.swift */,
				BCFFA1651BF9F912005A3BC1 /* Provider.swift */,
			);
			path = Data;
			sourceTree = "<group>";
		};
		BCFFA1661BF9F912005A3BC1 /* Extensions */ = {
			isa = PBXGroup;
			children = (
				BCFFA1671BF9F912005A3BC1 /* ArrayExtension.swift */,
			);
			path = Extensions;
			sourceTree = "<group>";
		};
		BCFFA1691BF9F912005A3BC1 /* Generators */ = {
			isa = PBXGroup;
			children = (
				BCFFA16A1BF9F912005A3BC1 /* Address.swift */,
				BCFFA16B1BF9F912005A3BC1 /* App.swift */,
				6ED4CE5D228C30250026E55A /* Zelda.swift */,
				BCFFA16C1BF9F912005A3BC1 /* Business.swift */,
				20580DE02283222C00D46446 /* Cat.swift */,
				BCFFA16D1BF9F912005A3BC1 /* Commerce.swift */,
				BCFFA16E1BF9F912005A3BC1 /* Company.swift */,
				E1128FFC22832235008F7FD1 /* Gender.swift */,
				BCFFA16F1BF9F912005A3BC1 /* Generator.swift */,
				BCFFA1701BF9F912005A3BC1 /* Internet.swift */,
				BCFFA1711BF9F912005A3BC1 /* Lorem.swift */,
				BCFFA1721BF9F912005A3BC1 /* Name.swift */,
				09F65D6E1CA30351006C87C5 /* Number.swift */,
				BCFFA1731BF9F912005A3BC1 /* PhoneNumber.swift */,
				BCFFA1741BF9F912005A3BC1 /* Team.swift */,
				F7A019922283212000B92D39 /* Ham.swift */,
				1057479C1F6FBF6C00154ECB /* Bank.swift */,
				AC88DC0A21531E2E007198E6 /* Date.swift */,
				90D66FB222833A3100545C90 /* Hobbit.swift */,
				8C12478A228321C4009400B4 /* Car.swift */,
				F178E8892283212B00A166DC /* Vehicle.swift */,
				05F367CB2283222B00AB2165 /* ProgrammingLanguage.swift */,
				504F66DF22AE32CB00F9CDB3 /* House.swift */,
			);
			path = Generators;
			sourceTree = "<group>";
		};
		BCFFA1761BF9F912005A3BC1 /* Tests */ = {
			isa = PBXGroup;
			children = (
				D59B6CEC1D99C5FD007CB072 /* Fakery */,
			);
			path = Tests;
			sourceTree = "<group>";
		};
		D535B6521F954FC20023F851 /* Fakery */ = {
			isa = PBXGroup;
			children = (
				BCFFA1621BF9F912005A3BC1 /* Config.swift */,
				BCFFA1681BF9F912005A3BC1 /* Faker.swift */,
				BCFFA1631BF9F912005A3BC1 /* Data */,
				BCFFA1661BF9F912005A3BC1 /* Extensions */,
				BCFFA1691BF9F912005A3BC1 /* Generators */,
			);
			path = Fakery;
			sourceTree = "<group>";
		};
		D59B6CEC1D99C5FD007CB072 /* Fakery */ = {
			isa = PBXGroup;
			children = (
				D59B6CED1D99C5FD007CB072 /* ConfigSpec.swift */,
				D59B6CF11D99C5FD007CB072 /* FakerSpec.swift */,
				D59B6CEE1D99C5FD007CB072 /* Data */,
				D59B6CF21D99C5FD007CB072 /* Generators */,
			);
			path = Fakery;
			sourceTree = "<group>";
		};
		D59B6CEE1D99C5FD007CB072 /* Data */ = {
			isa = PBXGroup;
			children = (
				D59B6CEF1D99C5FD007CB072 /* ParserSpec.swift */,
				D59B6CF01D99C5FD007CB072 /* ProviderSpec.swift */,
			);
			path = Data;
			sourceTree = "<group>";
		};
		D59B6CF21D99C5FD007CB072 /* Generators */ = {
			isa = PBXGroup;
			children = (
				D59B6CF31D99C5FD007CB072 /* AddressSpec.swift */,
				D59B6CF41D99C5FD007CB072 /* AppSpec.swift */,
				D59B6CF51D99C5FD007CB072 /* BusinessSpec.swift */,
				20580DDD2283205E00D46446 /* CatSpec.swift */,
				D59B6CF61D99C5FD007CB072 /* CommerceSpec.swift */,
				6ED4CE5A228C2EBB0026E55A /* ZeldaSpec.swift */,
				D59B6CF71D99C5FD007CB072 /* CompanySpec.swift */,
				E1128FF822831FAC008F7FD1 /* GenderSpec.swift */,
				D59B6CF81D99C5FD007CB072 /* GeneratorSpec.swift */,
				D59B6CF91D99C5FD007CB072 /* InternetSpec.swift */,
				D59B6CFA1D99C5FD007CB072 /* LoremSpec.swift */,
				D59B6CFB1D99C5FD007CB072 /* NameSpec.swift */,
				D59B6CFC1D99C5FD007CB072 /* NumberSpec.swift */,
				D59B6CFD1D99C5FD007CB072 /* PhoneNumberSpec.swift */,
				D59B6CFE1D99C5FD007CB072 /* TeamSpec.swift */,
				F7A0198F22831FCB00B92D39 /* HamSpec.swift */,
				105747991F6FBAA500154ECB /* BankSpec.swift */,
				AC88DC0C215330A3007198E6 /* DateSpec.swift */,
				90D66FAF22833A1F00545C90 /* HobbitSpec.swift */,
				8C12478722832171009400B4 /* CarSpec.swift */,
				05F367C722831FE900AB2165 /* ProgrammingLanguageSpec.swift */,
				F178E88522831FA600A166DC /* VehicleSpec.swift */,
				504F66DB22AE32A500F9CDB3 /* HouseSpec.swift */,
			);
			path = Generators;
			sourceTree = "<group>";
		};
		D59B6D0F1D99C6C7007CB072 /* Project */ = {
			isa = PBXGroup;
			children = (
				D59B6D101D99C6C7007CB072 /* Info-iOS.plist */,
				D59B6D111D99C6C7007CB072 /* Info-Mac.plist */,
				D59B6D121D99C6C7007CB072 /* Info-Tests-iOS.plist */,
				D59B6D131D99C6C7007CB072 /* Info-Tests-Mac.plist */,
				D59B6D141D99C6C7007CB072 /* Info-Tests-tvOS.plist */,
				D59B6D151D99C6C7007CB072 /* Info-tvOS.plist */,
			);
			path = Project;
			sourceTree = "<group>";
		};
/* End PBXGroup section */

/* Begin PBXHeadersBuildPhase section */
		BC827FA51BFA3CE1005F09A4 /* Headers */ = {
			isa = PBXHeadersBuildPhase;
			buildActionMask = 2147483647;
			files = (
			);
			runOnlyForDeploymentPostprocessing = 0;
		};
		BCF0DF371BF9F77E00427DB4 /* Headers */ = {
			isa = PBXHeadersBuildPhase;
			buildActionMask = 2147483647;
			files = (
			);
			runOnlyForDeploymentPostprocessing = 0;
		};
		BDC291251D9441F2007DA2FC /* Headers */ = {
			isa = PBXHeadersBuildPhase;
			buildActionMask = 2147483647;
			files = (
			);
			runOnlyForDeploymentPostprocessing = 0;
		};
/* End PBXHeadersBuildPhase section */

/* Begin PBXNativeTarget section */
		BC827FA71BFA3CE1005F09A4 /* Fakery-macOS */ = {
			isa = PBXNativeTarget;
			buildConfigurationList = BC827FBD1BFA3CE1005F09A4 /* Build configuration list for PBXNativeTarget "Fakery-macOS" */;
			buildPhases = (
				BC827FA31BFA3CE1005F09A4 /* Sources */,
				BC827FA41BFA3CE1005F09A4 /* Frameworks */,
				BC827FA51BFA3CE1005F09A4 /* Headers */,
				BC827FA61BFA3CE1005F09A4 /* Resources */,
				D51B4F371D9AE2BE009FE24D /* SwiftLint */,
			);
			buildRules = (
			);
			dependencies = (
			);
			name = "Fakery-macOS";
			productName = "Fakery OSX";
			productReference = BC827FA81BFA3CE1005F09A4 /* Fakery.framework */;
			productType = "com.apple.product-type.framework";
		};
		BC827FB01BFA3CE1005F09A4 /* Fakery-macOS-Tests */ = {
			isa = PBXNativeTarget;
			buildConfigurationList = BC827FBE1BFA3CE1005F09A4 /* Build configuration list for PBXNativeTarget "Fakery-macOS-Tests" */;
			buildPhases = (
				BC827FAD1BFA3CE1005F09A4 /* Sources */,
				BC827FAE1BFA3CE1005F09A4 /* Frameworks */,
				BC827FAF1BFA3CE1005F09A4 /* Resources */,
				301387E022E8E9F2001313B6 /* CopyFiles */,
			);
			buildRules = (
			);
			dependencies = (
				BC827FB41BFA3CE1005F09A4 /* PBXTargetDependency */,
			);
			name = "Fakery-macOS-Tests";
			productName = "Fakery OSXTests";
			productReference = BC827FB11BFA3CE1005F09A4 /* Fakery-macOS-Tests.xctest */;
			productType = "com.apple.product-type.bundle.unit-test";
		};
		BCF0DF391BF9F77E00427DB4 /* Fakery-iOS */ = {
			isa = PBXNativeTarget;
			buildConfigurationList = BCF0DF4E1BF9F77E00427DB4 /* Build configuration list for PBXNativeTarget "Fakery-iOS" */;
			buildPhases = (
				BCF0DF351BF9F77E00427DB4 /* Sources */,
				BCF0DF361BF9F77E00427DB4 /* Frameworks */,
				BCF0DF371BF9F77E00427DB4 /* Headers */,
				BCF0DF381BF9F77E00427DB4 /* Resources */,
				D51B4F361D9AE2A0009FE24D /* SwiftLint */,
			);
			buildRules = (
			);
			dependencies = (
			);
			name = "Fakery-iOS";
			productName = Fakery;
			productReference = BCF0DF3A1BF9F77E00427DB4 /* Fakery.framework */;
			productType = "com.apple.product-type.framework";
		};
		BCF0DF431BF9F77E00427DB4 /* Fakery-iOS-Tests */ = {
			isa = PBXNativeTarget;
			buildConfigurationList = BCF0DF511BF9F77E00427DB4 /* Build configuration list for PBXNativeTarget "Fakery-iOS-Tests" */;
			buildPhases = (
				BCF0DF401BF9F77E00427DB4 /* Sources */,
				BCF0DF411BF9F77E00427DB4 /* Frameworks */,
				BCF0DF421BF9F77E00427DB4 /* Resources */,
				301387DD22E8E95A001313B6 /* CopyFiles */,
			);
			buildRules = (
			);
			dependencies = (
				BCF0DF471BF9F77E00427DB4 /* PBXTargetDependency */,
			);
			name = "Fakery-iOS-Tests";
			productName = FakeryTests;
			productReference = BCF0DF441BF9F77E00427DB4 /* Fakery-iOS-Tests.xctest */;
			productType = "com.apple.product-type.bundle.unit-test";
		};
		BDC291271D9441F2007DA2FC /* Fakery-tvOS */ = {
			isa = PBXNativeTarget;
			buildConfigurationList = BDC2912D1D9441F2007DA2FC /* Build configuration list for PBXNativeTarget "Fakery-tvOS" */;
			buildPhases = (
				BDC291231D9441F2007DA2FC /* Sources */,
				BDC291241D9441F2007DA2FC /* Frameworks */,
				BDC291251D9441F2007DA2FC /* Headers */,
				BDC291261D9441F2007DA2FC /* Resources */,
				D51B4F381D9AE2CD009FE24D /* SwiftLint */,
			);
			buildRules = (
			);
			dependencies = (
			);
			name = "Fakery-tvOS";
			productName = "Fakery tvOS";
			productReference = BDC291281D9441F2007DA2FC /* Fakery.framework */;
			productType = "com.apple.product-type.framework";
		};
/* End PBXNativeTarget section */

/* Begin PBXProject section */
		BCF0DF311BF9F77E00427DB4 /* Project object */ = {
			isa = PBXProject;
			attributes = {
				LastSwiftUpdateCheck = 1020;
				LastUpgradeCheck = 1020;
				ORGANIZATIONNAME = "Vadym Markov";
				TargetAttributes = {
					BC827FA71BFA3CE1005F09A4 = {
						CreatedOnToolsVersion = 7.1.1;
						LastSwiftMigration = 1020;
					};
					BC827FB01BFA3CE1005F09A4 = {
						CreatedOnToolsVersion = 7.1.1;
						LastSwiftMigration = 1020;
					};
					BCF0DF391BF9F77E00427DB4 = {
						CreatedOnToolsVersion = 7.1.1;
						LastSwiftMigration = 1020;
					};
					BCF0DF431BF9F77E00427DB4 = {
						CreatedOnToolsVersion = 7.1.1;
						LastSwiftMigration = 1020;
					};
					BDC291271D9441F2007DA2FC = {
						CreatedOnToolsVersion = 7.3.1;
						LastSwiftMigration = 1020;
					};
				};
			};
			buildConfigurationList = BCF0DF341BF9F77E00427DB4 /* Build configuration list for PBXProject "Fakery" */;
			compatibilityVersion = "Xcode 3.2";
			developmentRegion = en;
			hasScannedForEncodings = 0;
			knownRegions = (
				en,
				Base,
			);
			mainGroup = BCF0DF301BF9F77E00427DB4;
			productRefGroup = BCF0DF3B1BF9F77E00427DB4 /* Products */;
			projectDirPath = "";
			projectRoot = "";
			targets = (
				BCF0DF391BF9F77E00427DB4 /* Fakery-iOS */,
				BC827FA71BFA3CE1005F09A4 /* Fakery-macOS */,
				BDC291271D9441F2007DA2FC /* Fakery-tvOS */,
				BCF0DF431BF9F77E00427DB4 /* Fakery-iOS-Tests */,
				BC827FB01BFA3CE1005F09A4 /* Fakery-macOS-Tests */,
			);
		};
/* End PBXProject section */

/* Begin PBXResourcesBuildPhase section */
		BC827FA61BFA3CE1005F09A4 /* Resources */ = {
			isa = PBXResourcesBuildPhase;
			buildActionMask = 2147483647;
			files = (
				BC4477B11BFA458500E8FB15 /* nb-NO.json in Resources */,
				BC4477AA1BFA457200E8FB15 /* en.json in Resources */,
				BC4477A41BFA456200E8FB15 /* en-AU.json in Resources */,
				BC4477B21BFA458700E8FB15 /* pl.json in Resources */,
				BC4477AE1BFA457D00E8FB15 /* it.json in Resources */,
				BC4477B51BFA458E00E8FB15 /* sk.json in Resources */,
				BC4477A31BFA455F00E8FB15 /* de.json in Resources */,
				BC4477B71BFA459400E8FB15 /* uk.json in Resources */,
				105747A21F6FFB9F00154ECB /* nl.json in Resources */,
				BC4477B31BFA458B00E8FB15 /* ru.json in Resources */,
				BC4477A11BFA455900E8FB15 /* de-AT.json in Resources */,
				BC4477B81BFA459700E8FB15 /* zh-CN.json in Resources */,
				BC4477A61BFA456700E8FB15 /* en-GB.json in Resources */,
				BC4477B91BFA459A00E8FB15 /* zh-TW.json in Resources */,
				BC4477AF1BFA457F00E8FB15 /* ja.json in Resources */,
				BC4477A81BFA456D00E8FB15 /* en-TEST.json in Resources */,
				BC4477AC1BFA457800E8FB15 /* fa.json in Resources */,
				BC4477B01BFA458200E8FB15 /* ko.json in Resources */,
				BC4477A91BFA457000E8FB15 /* en-US.json in Resources */,
				BC4477B61BFA459200E8FB15 /* sv.json in Resources */,
				BC4477A21BFA455C00E8FB15 /* de-CH.json in Resources */,
				BC4477A71BFA456A00E8FB15 /* en-IND.json in Resources */,
				BC4477A51BFA456500E8FB15 /* en-CA.json in Resources */,
				BC4477AB1BFA457500E8FB15 /* es.json in Resources */,
				BC4477AD1BFA457A00E8FB15 /* fr.json in Resources */,
			);
			runOnlyForDeploymentPostprocessing = 0;
		};
		BC827FAF1BFA3CE1005F09A4 /* Resources */ = {
			isa = PBXResourcesBuildPhase;
			buildActionMask = 2147483647;
			files = (
			);
			runOnlyForDeploymentPostprocessing = 0;
		};
		BCF0DF381BF9F77E00427DB4 /* Resources */ = {
			isa = PBXResourcesBuildPhase;
			buildActionMask = 2147483647;
			files = (
				BCFFA1891BF9F912005A3BC1 /* nb-NO.json in Resources */,
				BCFFA1821BF9F912005A3BC1 /* en.json in Resources */,
				2A17AB0A1E4E45A600011BC6 /* tr-TR.json in Resources */,
				BCFFA17C1BF9F912005A3BC1 /* en-AU.json in Resources */,
				BCFFA18A1BF9F912005A3BC1 /* pl.json in Resources */,
				BCFFA1861BF9F912005A3BC1 /* it.json in Resources */,
				BCFFA18C1BF9F912005A3BC1 /* sk.json in Resources */,
				BCFFA17B1BF9F912005A3BC1 /* de.json in Resources */,
				BCFFA18E1BF9F912005A3BC1 /* uk.json in Resources */,
				BCFFA18B1BF9F912005A3BC1 /* ru.json in Resources */,
				BCFFA1791BF9F912005A3BC1 /* de-AT.json in Resources */,
				BCFFA18F1BF9F912005A3BC1 /* zh-CN.json in Resources */,
				BCFFA17E1BF9F912005A3BC1 /* en-GB.json in Resources */,
				BCFFA1901BF9F912005A3BC1 /* zh-TW.json in Resources */,
				BCFFA1871BF9F912005A3BC1 /* ja.json in Resources */,
				105747A11F6FFB9F00154ECB /* nl.json in Resources */,
				BCFFA1801BF9F912005A3BC1 /* en-TEST.json in Resources */,
				BCFFA1841BF9F912005A3BC1 /* fa.json in Resources */,
				BCFFA1881BF9F912005A3BC1 /* ko.json in Resources */,
				BCFFA1811BF9F912005A3BC1 /* en-US.json in Resources */,
				BCFFA18D1BF9F912005A3BC1 /* sv.json in Resources */,
				BCFFA17A1BF9F912005A3BC1 /* de-CH.json in Resources */,
				BCFFA17F1BF9F912005A3BC1 /* en-IND.json in Resources */,
				BCFFA17D1BF9F912005A3BC1 /* en-CA.json in Resources */,
				BCFFA1831BF9F912005A3BC1 /* es.json in Resources */,
				BCFFA1851BF9F912005A3BC1 /* fr.json in Resources */,
			);
			runOnlyForDeploymentPostprocessing = 0;
		};
		BCF0DF421BF9F77E00427DB4 /* Resources */ = {
			isa = PBXResourcesBuildPhase;
			buildActionMask = 2147483647;
			files = (
			);
			runOnlyForDeploymentPostprocessing = 0;
		};
		BDC291261D9441F2007DA2FC /* Resources */ = {
			isa = PBXResourcesBuildPhase;
			buildActionMask = 2147483647;
			files = (
				D59B6CC11D99C485007CB072 /* nb-NO.json in Resources */,
				D59B6CBA1D99C485007CB072 /* en.json in Resources */,
				D59B6CB41D99C485007CB072 /* en-AU.json in Resources */,
				D59B6CC21D99C485007CB072 /* pl.json in Resources */,
				D59B6CBE1D99C485007CB072 /* it.json in Resources */,
				D59B6CC41D99C485007CB072 /* sk.json in Resources */,
				D59B6CB31D99C485007CB072 /* de.json in Resources */,
				D59B6CC61D99C485007CB072 /* uk.json in Resources */,
				105747A31F6FFB9F00154ECB /* nl.json in Resources */,
				D59B6CC31D99C485007CB072 /* ru.json in Resources */,
				D59B6CB11D99C485007CB072 /* de-AT.json in Resources */,
				D59B6CC71D99C485007CB072 /* zh-CN.json in Resources */,
				D59B6CB61D99C485007CB072 /* en-GB.json in Resources */,
				D59B6CC81D99C485007CB072 /* zh-TW.json in Resources */,
				D59B6CBF1D99C485007CB072 /* ja.json in Resources */,
				D59B6CB81D99C485007CB072 /* en-TEST.json in Resources */,
				D59B6CBC1D99C485007CB072 /* fa.json in Resources */,
				D59B6CC01D99C485007CB072 /* ko.json in Resources */,
				D59B6CB91D99C485007CB072 /* en-US.json in Resources */,
				D59B6CC51D99C485007CB072 /* sv.json in Resources */,
				D59B6CB21D99C485007CB072 /* de-CH.json in Resources */,
				D59B6CB71D99C485007CB072 /* en-IND.json in Resources */,
				D59B6CB51D99C485007CB072 /* en-CA.json in Resources */,
				D59B6CBB1D99C485007CB072 /* es.json in Resources */,
				D59B6CBD1D99C485007CB072 /* fr.json in Resources */,
			);
			runOnlyForDeploymentPostprocessing = 0;
		};
/* End PBXResourcesBuildPhase section */

/* Begin PBXShellScriptBuildPhase section */
		D51B4F361D9AE2A0009FE24D /* SwiftLint */ = {
			isa = PBXShellScriptBuildPhase;
			buildActionMask = 2147483647;
			files = (
			);
			inputPaths = (
			);
			name = SwiftLint;
			outputPaths = (
			);
			runOnlyForDeploymentPostprocessing = 0;
			shellPath = /bin/sh;
			shellScript = "if which swiftlint >/dev/null; then\n    swiftlint\nelse\necho \"warning: SwiftLint not installed, download from https://github.com/realm/SwiftLint\"\nfi\n";
		};
		D51B4F371D9AE2BE009FE24D /* SwiftLint */ = {
			isa = PBXShellScriptBuildPhase;
			buildActionMask = 2147483647;
			files = (
			);
			inputPaths = (
			);
			name = SwiftLint;
			outputPaths = (
			);
			runOnlyForDeploymentPostprocessing = 0;
			shellPath = /bin/sh;
			shellScript = "if which swiftlint >/dev/null; then\n    swiftlint\nelse\necho \"warning: SwiftLint not installed, download from https://github.com/realm/SwiftLint\"\nfi";
		};
		D51B4F381D9AE2CD009FE24D /* SwiftLint */ = {
			isa = PBXShellScriptBuildPhase;
			buildActionMask = 2147483647;
			files = (
			);
			inputPaths = (
			);
			name = SwiftLint;
			outputPaths = (
			);
			runOnlyForDeploymentPostprocessing = 0;
			shellPath = /bin/sh;
			shellScript = "if which swiftlint >/dev/null; then\nswiftlint\nelse\necho \"warning: SwiftLint not installed, download from https://github.com/realm/SwiftLint\"\nfi";
		};
/* End PBXShellScriptBuildPhase section */

/* Begin PBXSourcesBuildPhase section */
		BC827FA31BFA3CE1005F09A4 /* Sources */ = {
			isa = PBXSourcesBuildPhase;
			buildActionMask = 2147483647;
			files = (
				BC44779C1BFA452E00E8FB15 /* Team.swift in Sources */,
				BC44779B1BFA452C00E8FB15 /* PhoneNumber.swift in Sources */,
				8C12478E2283226F009400B4 /* Car.swift in Sources */,
				BC4477931BFA451600E8FB15 /* App.swift in Sources */,
				BC4477941BFA451900E8FB15 /* Business.swift in Sources */,
				BC4477981BFA452400E8FB15 /* Internet.swift in Sources */,
				BC4477951BFA451C00E8FB15 /* Commerce.swift in Sources */,
				F7A019942283212A00B92D39 /* Ham.swift in Sources */,
				BC44779E1BFA453C00E8FB15 /* Parser.swift in Sources */,
				05F367CD2283228100AB2165 /* ProgrammingLanguage.swift in Sources */,
				BC44779A1BFA452900E8FB15 /* Name.swift in Sources */,
				F178E88B2283227C00A166DC /* Vehicle.swift in Sources */,
				09F65D701CA30351006C87C5 /* Number.swift in Sources */,
				504F66E122AE32CB00F9CDB3 /* House.swift in Sources */,
				BC4477921BFA451400E8FB15 /* Address.swift in Sources */,
				6ED4CE5F228C30250026E55A /* Zelda.swift in Sources */,
				BC4477971BFA452100E8FB15 /* Generator.swift in Sources */,
				BC4477911BFA450D00E8FB15 /* Faker.swift in Sources */,
				20580DE22283222C00D46446 /* Cat.swift in Sources */,
				BC4477991BFA452700E8FB15 /* Lorem.swift in Sources */,
				BC4477961BFA451F00E8FB15 /* Company.swift in Sources */,
				BC4477A01BFA454400E8FB15 /* Config.swift in Sources */,
				90D66FB422833A3100545C90 /* Hobbit.swift in Sources */,
				1057479E1F6FBF7100154ECB /* Bank.swift in Sources */,
				E1128FFE22832248008F7FD1 /* Gender.swift in Sources */,
				AC8156A92153C27E00D779EF /* Date.swift in Sources */,
				BC44779F1BFA453F00E8FB15 /* Provider.swift in Sources */,
				BC44779D1BFA453800E8FB15 /* ArrayExtension.swift in Sources */,
			);
			runOnlyForDeploymentPostprocessing = 0;
		};
		BC827FAD1BFA3CE1005F09A4 /* Sources */ = {
			isa = PBXSourcesBuildPhase;
			buildActionMask = 2147483647;
			files = (
				D59B6D361D99C82E007CB072 /* InternetSpec.swift in Sources */,
				D59B6D351D99C82E007CB072 /* GeneratorSpec.swift in Sources */,
				D59B6D2D1D99C82E007CB072 /* FakerSpec.swift in Sources */,
				D59B6D301D99C82E007CB072 /* AddressSpec.swift in Sources */,
				E1128FFB22832080008F7FD1 /* GenderSpec.swift in Sources */,
				AC88DC0F215330A4007198E6 /* DateSpec.swift in Sources */,
				6ED4CE5C228C2EBB0026E55A /* ZeldaSpec.swift in Sources */,
				D59B6D371D99C82E007CB072 /* LoremSpec.swift in Sources */,
				D59B6D391D99C82E007CB072 /* NumberSpec.swift in Sources */,
				05F367CA22831FF200AB2165 /* ProgrammingLanguageSpec.swift in Sources */,
				D59B6D341D99C82E007CB072 /* CompanySpec.swift in Sources */,
				1057479B1F6FBAAA00154ECB /* BankSpec.swift in Sources */,
				F178E88822831FC400A166DC /* VehicleSpec.swift in Sources */,
				D59B6D311D99C82E007CB072 /* AppSpec.swift in Sources */,
				90D66FBB22835EAB00545C90 /* HobbitSpec.swift in Sources */,
				D59B6D331D99C82E007CB072 /* CommerceSpec.swift in Sources */,
				D59B6D2E1D99C82E007CB072 /* ParserSpec.swift in Sources */,
				D59B6D321D99C82E007CB072 /* BusinessSpec.swift in Sources */,
				20580DDF2283205E00D46446 /* CatSpec.swift in Sources */,
				D59B6D3B1D99C82E007CB072 /* TeamSpec.swift in Sources */,
				F7A019912283206600B92D39 /* HamSpec.swift in Sources */,
				D59B6D3A1D99C82E007CB072 /* PhoneNumberSpec.swift in Sources */,
				D59B6D2C1D99C82E007CB072 /* ConfigSpec.swift in Sources */,
				8C12478922832171009400B4 /* CarSpec.swift in Sources */,
				D59B6D381D99C82E007CB072 /* NameSpec.swift in Sources */,
				D59B6D2F1D99C82E007CB072 /* ProviderSpec.swift in Sources */,
				504F66ED22AE523A00F9CDB3 /* HouseSpec.swift in Sources */,
			);
			runOnlyForDeploymentPostprocessing = 0;
		};
		BCF0DF351BF9F77E00427DB4 /* Sources */ = {
			isa = PBXSourcesBuildPhase;
			buildActionMask = 2147483647;
			files = (
				BCFFA1961BF9F912005A3BC1 /* Address.swift in Sources */,
				BCFFA19D1BF9F912005A3BC1 /* Lorem.swift in Sources */,
				8C12478D2283226E009400B4 /* Car.swift in Sources */,
				BCFFA1951BF9F912005A3BC1 /* Faker.swift in Sources */,
				BCFFA1921BF9F912005A3BC1 /* Parser.swift in Sources */,
				BCFFA19A1BF9F912005A3BC1 /* Company.swift in Sources */,
				BCFFA1931BF9F912005A3BC1 /* Provider.swift in Sources */,
				F7A019952283212B00B92D39 /* Ham.swift in Sources */,
				BCFFA1911BF9F912005A3BC1 /* Config.swift in Sources */,
				05F367CC2283222B00AB2165 /* ProgrammingLanguage.swift in Sources */,
				BCFFA19C1BF9F912005A3BC1 /* Internet.swift in Sources */,
				F178E88A2283212B00A166DC /* Vehicle.swift in Sources */,
				09F65D6F1CA30351006C87C5 /* Number.swift in Sources */,
				504F66E022AE32CB00F9CDB3 /* House.swift in Sources */,
				BCFFA19F1BF9F912005A3BC1 /* PhoneNumber.swift in Sources */,
				6ED4CE5E228C30250026E55A /* Zelda.swift in Sources */,
				BCFFA19B1BF9F912005A3BC1 /* Generator.swift in Sources */,
				BCFFA1981BF9F912005A3BC1 /* Business.swift in Sources */,
				20580DE12283222C00D46446 /* Cat.swift in Sources */,
				BCFFA1971BF9F912005A3BC1 /* App.swift in Sources */,
				BCFFA1A01BF9F912005A3BC1 /* Team.swift in Sources */,
				BCFFA1941BF9F912005A3BC1 /* ArrayExtension.swift in Sources */,
				90D66FB322833A3100545C90 /* Hobbit.swift in Sources */,
				1057479D1F6FBF6C00154ECB /* Bank.swift in Sources */,
				E1128FFD22832235008F7FD1 /* Gender.swift in Sources */,
				AC88DC0B21531E2E007198E6 /* Date.swift in Sources */,
				BCFFA19E1BF9F912005A3BC1 /* Name.swift in Sources */,
				BCFFA1991BF9F912005A3BC1 /* Commerce.swift in Sources */,
			);
			runOnlyForDeploymentPostprocessing = 0;
		};
		BCF0DF401BF9F77E00427DB4 /* Sources */ = {
			isa = PBXSourcesBuildPhase;
			buildActionMask = 2147483647;
			files = (
				D59B6D261D99C82D007CB072 /* InternetSpec.swift in Sources */,
				D59B6D251D99C82D007CB072 /* GeneratorSpec.swift in Sources */,
				D59B6D1D1D99C82D007CB072 /* FakerSpec.swift in Sources */,
				D59B6D201D99C82D007CB072 /* AddressSpec.swift in Sources */,
				E1128FFA2283207B008F7FD1 /* GenderSpec.swift in Sources */,
				AC88DC0E215330A4007198E6 /* DateSpec.swift in Sources */,
				6ED4CE5B228C2EBB0026E55A /* ZeldaSpec.swift in Sources */,
				D59B6D271D99C82D007CB072 /* LoremSpec.swift in Sources */,
				D59B6D291D99C82D007CB072 /* NumberSpec.swift in Sources */,
				05F367C922831FF100AB2165 /* ProgrammingLanguageSpec.swift in Sources */,
				D59B6D241D99C82D007CB072 /* CompanySpec.swift in Sources */,
				1057479A1F6FBAA500154ECB /* BankSpec.swift in Sources */,
				F178E88722831FC400A166DC /* VehicleSpec.swift in Sources */,
				D59B6D211D99C82D007CB072 /* AppSpec.swift in Sources */,
				90D66FBA22835EAA00545C90 /* HobbitSpec.swift in Sources */,
				D59B6D231D99C82D007CB072 /* CommerceSpec.swift in Sources */,
				D59B6D1E1D99C82D007CB072 /* ParserSpec.swift in Sources */,
				D59B6D221D99C82D007CB072 /* BusinessSpec.swift in Sources */,
				20580DDE2283205E00D46446 /* CatSpec.swift in Sources */,
				D59B6D2B1D99C82D007CB072 /* TeamSpec.swift in Sources */,
				F7A019902283206600B92D39 /* HamSpec.swift in Sources */,
				D59B6D2A1D99C82D007CB072 /* PhoneNumberSpec.swift in Sources */,
				D59B6D1C1D99C82D007CB072 /* ConfigSpec.swift in Sources */,
				8C12478822832171009400B4 /* CarSpec.swift in Sources */,
				D59B6D281D99C82D007CB072 /* NameSpec.swift in Sources */,
				D59B6D1F1D99C82D007CB072 /* ProviderSpec.swift in Sources */,
				504F66EC22AE523A00F9CDB3 /* HouseSpec.swift in Sources */,
			);
			runOnlyForDeploymentPostprocessing = 0;
		};
		BDC291231D9441F2007DA2FC /* Sources */ = {
			isa = PBXSourcesBuildPhase;
			buildActionMask = 2147483647;
			files = (
				D59B6CA51D99C46C007CB072 /* Address.swift in Sources */,
				D59B6CAC1D99C46C007CB072 /* Lorem.swift in Sources */,
				8C12478F2283226F009400B4 /* Car.swift in Sources */,
				D59B6CA41D99C467007CB072 /* Faker.swift in Sources */,
				D59B6CA11D99C45D007CB072 /* Parser.swift in Sources */,
				D59B6CA91D99C46C007CB072 /* Company.swift in Sources */,
				D59B6CAE1D99C46C007CB072 /* Number.swift in Sources */,
				F7A019932283212900B92D39 /* Ham.swift in Sources */,
				D59B6CA21D99C460007CB072 /* Provider.swift in Sources */,
				05F367CE2283228100AB2165 /* ProgrammingLanguage.swift in Sources */,
				D59B6CA01D99C45A007CB072 /* Config.swift in Sources */,
				F178E88C2283227D00A166DC /* Vehicle.swift in Sources */,
				D59B6CB01D99C46C007CB072 /* Team.swift in Sources */,
				504F66E222AE32CB00F9CDB3 /* House.swift in Sources */,
				D59B6CAB1D99C46C007CB072 /* Internet.swift in Sources */,
				6ED4CE60228C30250026E55A /* Zelda.swift in Sources */,
				D59B6CAA1D99C46C007CB072 /* Generator.swift in Sources */,
				D59B6CA71D99C46C007CB072 /* Business.swift in Sources */,
				20580DE32283222C00D46446 /* Cat.swift in Sources */,
				D59B6CA61D99C46C007CB072 /* App.swift in Sources */,
				D59B6CA31D99C464007CB072 /* ArrayExtension.swift in Sources */,
				D59B6CAD1D99C46C007CB072 /* Name.swift in Sources */,
				90D66FB522833A3100545C90 /* Hobbit.swift in Sources */,
				1057479F1F6FBF7100154ECB /* Bank.swift in Sources */,
				E1128FFF22832248008F7FD1 /* Gender.swift in Sources */,
				AC8156AA2153C27F00D779EF /* Date.swift in Sources */,
				D59B6CA81D99C46C007CB072 /* Commerce.swift in Sources */,
				D59B6CAF1D99C46C007CB072 /* PhoneNumber.swift in Sources */,
			);
			runOnlyForDeploymentPostprocessing = 0;
		};
/* End PBXSourcesBuildPhase section */

/* Begin PBXTargetDependency section */
		BC827FB41BFA3CE1005F09A4 /* PBXTargetDependency */ = {
			isa = PBXTargetDependency;
			target = BC827FA71BFA3CE1005F09A4 /* Fakery-macOS */;
			targetProxy = BC827FB31BFA3CE1005F09A4 /* PBXContainerItemProxy */;
		};
		BCF0DF471BF9F77E00427DB4 /* PBXTargetDependency */ = {
			isa = PBXTargetDependency;
			target = BCF0DF391BF9F77E00427DB4 /* Fakery-iOS */;
			targetProxy = BCF0DF461BF9F77E00427DB4 /* PBXContainerItemProxy */;
		};
/* End PBXTargetDependency section */

/* Begin XCBuildConfiguration section */
		BC827FB91BFA3CE1005F09A4 /* Debug */ = {
			isa = XCBuildConfiguration;
			buildSettings = {
				CODE_SIGN_IDENTITY = "";
				COMBINE_HIDPI_IMAGES = YES;
				DEFINES_MODULE = YES;
				DYLIB_COMPATIBILITY_VERSION = 1;
				DYLIB_CURRENT_VERSION = 1;
				DYLIB_INSTALL_NAME_BASE = "@rpath";
				FRAMEWORK_SEARCH_PATHS = "$(inherited)";
				FRAMEWORK_VERSION = A;
				INFOPLIST_FILE = "$(SRCROOT)/Project/Info-Mac.plist";
				INSTALL_PATH = "$(LOCAL_LIBRARY_DIR)/Frameworks";
				LD_RUNPATH_SEARCH_PATHS = "$(inherited) @executable_path/../Frameworks @loader_path/Frameworks";
				MACOSX_DEPLOYMENT_TARGET = 10.9;
				PRODUCT_BUNDLE_IDENTIFIER = "com.vadym-markov.Fakery-macOS";
				PRODUCT_NAME = Fakery;
				SDKROOT = macosx;
				SKIP_INSTALL = YES;
				SWIFT_SWIFT3_OBJC_INFERENCE = Default;
				SWIFT_VERSION = 5.0;
			};
			name = Debug;
		};
		BC827FBA1BFA3CE1005F09A4 /* Release */ = {
			isa = XCBuildConfiguration;
			buildSettings = {
				CODE_SIGN_IDENTITY = "";
				COMBINE_HIDPI_IMAGES = YES;
				DEFINES_MODULE = YES;
				DYLIB_COMPATIBILITY_VERSION = 1;
				DYLIB_CURRENT_VERSION = 1;
				DYLIB_INSTALL_NAME_BASE = "@rpath";
				FRAMEWORK_SEARCH_PATHS = "$(inherited)";
				FRAMEWORK_VERSION = A;
				INFOPLIST_FILE = "$(SRCROOT)/Project/Info-Mac.plist";
				INSTALL_PATH = "$(LOCAL_LIBRARY_DIR)/Frameworks";
				LD_RUNPATH_SEARCH_PATHS = "$(inherited) @executable_path/../Frameworks @loader_path/Frameworks";
				MACOSX_DEPLOYMENT_TARGET = 10.9;
				PRODUCT_BUNDLE_IDENTIFIER = "com.vadym-markov.Fakery-macOS";
				PRODUCT_NAME = Fakery;
				SDKROOT = macosx;
				SKIP_INSTALL = YES;
				SWIFT_SWIFT3_OBJC_INFERENCE = Default;
				SWIFT_VERSION = 5.0;
			};
			name = Release;
		};
		BC827FBB1BFA3CE1005F09A4 /* Debug */ = {
			isa = XCBuildConfiguration;
			buildSettings = {
				CODE_SIGN_IDENTITY = "-";
				COMBINE_HIDPI_IMAGES = YES;
				FRAMEWORK_SEARCH_PATHS = "$(PROJECT_DIR)/Carthage/Build/Mac";
				INFOPLIST_FILE = "$(SRCROOT)/Project/Info-Tests-Mac.plist";
				LD_RUNPATH_SEARCH_PATHS = "$(inherited) @executable_path/../Frameworks @loader_path/../Frameworks";
				MACOSX_DEPLOYMENT_TARGET = 10.10;
				PRODUCT_BUNDLE_IDENTIFIER = "com.vadym-markov.Fakery-OSXTests";
				PRODUCT_NAME = "$(TARGET_NAME)";
				SDKROOT = macosx;
				SWIFT_SWIFT3_OBJC_INFERENCE = Default;
				SWIFT_VERSION = 5.0;
			};
			name = Debug;
		};
		BC827FBC1BFA3CE1005F09A4 /* Release */ = {
			isa = XCBuildConfiguration;
			buildSettings = {
				CODE_SIGN_IDENTITY = "-";
				COMBINE_HIDPI_IMAGES = YES;
				FRAMEWORK_SEARCH_PATHS = "$(PROJECT_DIR)/Carthage/Build/Mac";
				INFOPLIST_FILE = "$(SRCROOT)/Project/Info-Tests-Mac.plist";
				LD_RUNPATH_SEARCH_PATHS = "$(inherited) @executable_path/../Frameworks @loader_path/../Frameworks";
				MACOSX_DEPLOYMENT_TARGET = 10.10;
				PRODUCT_BUNDLE_IDENTIFIER = "com.vadym-markov.Fakery-OSXTests";
				PRODUCT_NAME = "$(TARGET_NAME)";
				SDKROOT = macosx;
				SWIFT_SWIFT3_OBJC_INFERENCE = Default;
				SWIFT_VERSION = 5.0;
			};
			name = Release;
		};
		BCF0DF4C1BF9F77E00427DB4 /* Debug */ = {
			isa = XCBuildConfiguration;
			buildSettings = {
				ALWAYS_SEARCH_USER_PATHS = NO;
				CLANG_CXX_LANGUAGE_STANDARD = "gnu++0x";
				CLANG_CXX_LIBRARY = "libc++";
				CLANG_ENABLE_MODULES = YES;
				CLANG_ENABLE_OBJC_ARC = YES;
				CLANG_WARN_BLOCK_CAPTURE_AUTORELEASING = YES;
				CLANG_WARN_BOOL_CONVERSION = YES;
				CLANG_WARN_COMMA = YES;
				CLANG_WARN_CONSTANT_CONVERSION = YES;
				CLANG_WARN_DEPRECATED_OBJC_IMPLEMENTATIONS = YES;
				CLANG_WARN_DIRECT_OBJC_ISA_USAGE = YES_ERROR;
				CLANG_WARN_EMPTY_BODY = YES;
				CLANG_WARN_ENUM_CONVERSION = YES;
				CLANG_WARN_INFINITE_RECURSION = YES;
				CLANG_WARN_INT_CONVERSION = YES;
				CLANG_WARN_NON_LITERAL_NULL_CONVERSION = YES;
				CLANG_WARN_OBJC_IMPLICIT_RETAIN_SELF = YES;
				CLANG_WARN_OBJC_LITERAL_CONVERSION = YES;
				CLANG_WARN_OBJC_ROOT_CLASS = YES_ERROR;
				CLANG_WARN_RANGE_LOOP_ANALYSIS = YES;
				CLANG_WARN_STRICT_PROTOTYPES = YES;
				CLANG_WARN_SUSPICIOUS_MOVE = YES;
				CLANG_WARN_UNREACHABLE_CODE = YES;
				CLANG_WARN__DUPLICATE_METHOD_MATCH = YES;
				"CODE_SIGN_IDENTITY[sdk=iphoneos*]" = "iPhone Developer";
				COPY_PHASE_STRIP = NO;
				CURRENT_PROJECT_VERSION = 1;
				DEBUG_INFORMATION_FORMAT = dwarf;
				ENABLE_STRICT_OBJC_MSGSEND = YES;
				ENABLE_TESTABILITY = YES;
				GCC_C_LANGUAGE_STANDARD = gnu99;
				GCC_DYNAMIC_NO_PIC = NO;
				GCC_NO_COMMON_BLOCKS = YES;
				GCC_OPTIMIZATION_LEVEL = 0;
				GCC_PREPROCESSOR_DEFINITIONS = (
					"DEBUG=1",
					"$(inherited)",
				);
				GCC_WARN_64_TO_32_BIT_CONVERSION = YES;
				GCC_WARN_ABOUT_RETURN_TYPE = YES_ERROR;
				GCC_WARN_UNDECLARED_SELECTOR = YES;
				GCC_WARN_UNINITIALIZED_AUTOS = YES_AGGRESSIVE;
				GCC_WARN_UNUSED_FUNCTION = YES;
				GCC_WARN_UNUSED_VARIABLE = YES;
				IPHONEOS_DEPLOYMENT_TARGET = 8.0;
				MACOSX_DEPLOYMENT_TARGET = 10.9;
				MTL_ENABLE_DEBUG_INFO = YES;
				ONLY_ACTIVE_ARCH = YES;
				SDKROOT = iphoneos;
				SWIFT_OPTIMIZATION_LEVEL = "-Onone";
				TARGETED_DEVICE_FAMILY = "1,2";
				VERSIONING_SYSTEM = "apple-generic";
				VERSION_INFO_PREFIX = "";
			};
			name = Debug;
		};
		BCF0DF4D1BF9F77E00427DB4 /* Release */ = {
			isa = XCBuildConfiguration;
			buildSettings = {
				ALWAYS_SEARCH_USER_PATHS = NO;
				CLANG_CXX_LANGUAGE_STANDARD = "gnu++0x";
				CLANG_CXX_LIBRARY = "libc++";
				CLANG_ENABLE_MODULES = YES;
				CLANG_ENABLE_OBJC_ARC = YES;
				CLANG_WARN_BLOCK_CAPTURE_AUTORELEASING = YES;
				CLANG_WARN_BOOL_CONVERSION = YES;
				CLANG_WARN_COMMA = YES;
				CLANG_WARN_CONSTANT_CONVERSION = YES;
				CLANG_WARN_DEPRECATED_OBJC_IMPLEMENTATIONS = YES;
				CLANG_WARN_DIRECT_OBJC_ISA_USAGE = YES_ERROR;
				CLANG_WARN_EMPTY_BODY = YES;
				CLANG_WARN_ENUM_CONVERSION = YES;
				CLANG_WARN_INFINITE_RECURSION = YES;
				CLANG_WARN_INT_CONVERSION = YES;
				CLANG_WARN_NON_LITERAL_NULL_CONVERSION = YES;
				CLANG_WARN_OBJC_IMPLICIT_RETAIN_SELF = YES;
				CLANG_WARN_OBJC_LITERAL_CONVERSION = YES;
				CLANG_WARN_OBJC_ROOT_CLASS = YES_ERROR;
				CLANG_WARN_RANGE_LOOP_ANALYSIS = YES;
				CLANG_WARN_STRICT_PROTOTYPES = YES;
				CLANG_WARN_SUSPICIOUS_MOVE = YES;
				CLANG_WARN_UNREACHABLE_CODE = YES;
				CLANG_WARN__DUPLICATE_METHOD_MATCH = YES;
				"CODE_SIGN_IDENTITY[sdk=iphoneos*]" = "iPhone Developer";
				COPY_PHASE_STRIP = NO;
				CURRENT_PROJECT_VERSION = 1;
				DEBUG_INFORMATION_FORMAT = "dwarf-with-dsym";
				ENABLE_NS_ASSERTIONS = NO;
				ENABLE_STRICT_OBJC_MSGSEND = YES;
				GCC_C_LANGUAGE_STANDARD = gnu99;
				GCC_NO_COMMON_BLOCKS = YES;
				GCC_WARN_64_TO_32_BIT_CONVERSION = YES;
				GCC_WARN_ABOUT_RETURN_TYPE = YES_ERROR;
				GCC_WARN_UNDECLARED_SELECTOR = YES;
				GCC_WARN_UNINITIALIZED_AUTOS = YES_AGGRESSIVE;
				GCC_WARN_UNUSED_FUNCTION = YES;
				GCC_WARN_UNUSED_VARIABLE = YES;
				IPHONEOS_DEPLOYMENT_TARGET = 8.0;
				MACOSX_DEPLOYMENT_TARGET = 10.9;
				MTL_ENABLE_DEBUG_INFO = NO;
				SDKROOT = iphoneos;
				SWIFT_OPTIMIZATION_LEVEL = "-Owholemodule";
				TARGETED_DEVICE_FAMILY = "1,2";
				VALIDATE_PRODUCT = YES;
				VERSIONING_SYSTEM = "apple-generic";
				VERSION_INFO_PREFIX = "";
			};
			name = Release;
		};
		BCF0DF4F1BF9F77E00427DB4 /* Debug */ = {
			isa = XCBuildConfiguration;
			buildSettings = {
				"CODE_SIGN_IDENTITY[sdk=iphoneos*]" = "";
				DEFINES_MODULE = YES;
				DYLIB_COMPATIBILITY_VERSION = 1;
				DYLIB_CURRENT_VERSION = 1;
				DYLIB_INSTALL_NAME_BASE = "@rpath";
				FRAMEWORK_SEARCH_PATHS = "$(inherited)";
				INFOPLIST_FILE = "$(SRCROOT)/Project/Info-iOS.plist";
				INSTALL_PATH = "$(LOCAL_LIBRARY_DIR)/Frameworks";
				LD_RUNPATH_SEARCH_PATHS = "$(inherited) @executable_path/Frameworks @loader_path/Frameworks";
				PRODUCT_BUNDLE_IDENTIFIER = "com.vadym-markov.Fakery";
				PRODUCT_NAME = Fakery;
				SKIP_INSTALL = YES;
				SWIFT_SWIFT3_OBJC_INFERENCE = Default;
				SWIFT_VERSION = 5.0;
			};
			name = Debug;
		};
		BCF0DF501BF9F77E00427DB4 /* Release */ = {
			isa = XCBuildConfiguration;
			buildSettings = {
				"CODE_SIGN_IDENTITY[sdk=iphoneos*]" = "";
				DEFINES_MODULE = YES;
				DYLIB_COMPATIBILITY_VERSION = 1;
				DYLIB_CURRENT_VERSION = 1;
				DYLIB_INSTALL_NAME_BASE = "@rpath";
				FRAMEWORK_SEARCH_PATHS = "$(inherited)";
				INFOPLIST_FILE = "$(SRCROOT)/Project/Info-iOS.plist";
				INSTALL_PATH = "$(LOCAL_LIBRARY_DIR)/Frameworks";
				LD_RUNPATH_SEARCH_PATHS = "$(inherited) @executable_path/Frameworks @loader_path/Frameworks";
				PRODUCT_BUNDLE_IDENTIFIER = "com.vadym-markov.Fakery";
				PRODUCT_NAME = Fakery;
				SKIP_INSTALL = YES;
				SWIFT_SWIFT3_OBJC_INFERENCE = Default;
				SWIFT_VERSION = 5.0;
			};
			name = Release;
		};
		BCF0DF521BF9F77E00427DB4 /* Debug */ = {
			isa = XCBuildConfiguration;
			buildSettings = {
				FRAMEWORK_SEARCH_PATHS = "$(PROJECT_DIR)/Carthage/Build/iOS";
				INFOPLIST_FILE = "$(SRCROOT)/Project/Info-Tests-iOS.plist";
				LD_RUNPATH_SEARCH_PATHS = "$(inherited) @executable_path/Frameworks @loader_path/Frameworks";
				PRODUCT_BUNDLE_IDENTIFIER = "com.vadym-markov.FakeryTests";
				PRODUCT_NAME = "$(TARGET_NAME)";
				SWIFT_SWIFT3_OBJC_INFERENCE = Default;
				SWIFT_VERSION = 5.0;
			};
			name = Debug;
		};
		BCF0DF531BF9F77E00427DB4 /* Release */ = {
			isa = XCBuildConfiguration;
			buildSettings = {
				FRAMEWORK_SEARCH_PATHS = "$(PROJECT_DIR)/Carthage/Build/iOS";
				INFOPLIST_FILE = "$(SRCROOT)/Project/Info-Tests-iOS.plist";
				LD_RUNPATH_SEARCH_PATHS = "$(inherited) @executable_path/Frameworks @loader_path/Frameworks";
				PRODUCT_BUNDLE_IDENTIFIER = "com.vadym-markov.FakeryTests";
				PRODUCT_NAME = "$(TARGET_NAME)";
				SWIFT_SWIFT3_OBJC_INFERENCE = Default;
				SWIFT_VERSION = 5.0;
			};
			name = Release;
		};
		BDC2912E1D9441F2007DA2FC /* Debug */ = {
			isa = XCBuildConfiguration;
			buildSettings = {
				CLANG_ANALYZER_NONNULL = YES;
				"CODE_SIGN_IDENTITY[sdk=appletvos*]" = "";
				DEFINES_MODULE = YES;
				DYLIB_COMPATIBILITY_VERSION = 1;
				DYLIB_CURRENT_VERSION = 1;
				DYLIB_INSTALL_NAME_BASE = "@rpath";
				FRAMEWORK_SEARCH_PATHS = "$(inherited)";
				INFOPLIST_FILE = "$(SRCROOT)/Project/Info-tvOS.plist";
				INSTALL_PATH = "$(LOCAL_LIBRARY_DIR)/Frameworks";
				LD_RUNPATH_SEARCH_PATHS = "$(inherited) @executable_path/Frameworks @loader_path/Frameworks";
				PRODUCT_BUNDLE_IDENTIFIER = "com.zenangst.Fakery-tvOS";
				PRODUCT_NAME = Fakery;
				SDKROOT = appletvos;
				SKIP_INSTALL = YES;
				SWIFT_SWIFT3_OBJC_INFERENCE = Default;
				SWIFT_VERSION = 5.0;
				TARGETED_DEVICE_FAMILY = 3;
				TVOS_DEPLOYMENT_TARGET = 9.0;
			};
			name = Debug;
		};
		BDC2912F1D9441F2007DA2FC /* Release */ = {
			isa = XCBuildConfiguration;
			buildSettings = {
				CLANG_ANALYZER_NONNULL = YES;
				"CODE_SIGN_IDENTITY[sdk=appletvos*]" = "";
				DEFINES_MODULE = YES;
				DYLIB_COMPATIBILITY_VERSION = 1;
				DYLIB_CURRENT_VERSION = 1;
				DYLIB_INSTALL_NAME_BASE = "@rpath";
				FRAMEWORK_SEARCH_PATHS = "$(inherited)";
				INFOPLIST_FILE = "$(SRCROOT)/Project/Info-tvOS.plist";
				INSTALL_PATH = "$(LOCAL_LIBRARY_DIR)/Frameworks";
				LD_RUNPATH_SEARCH_PATHS = "$(inherited) @executable_path/Frameworks @loader_path/Frameworks";
				PRODUCT_BUNDLE_IDENTIFIER = "com.zenangst.Fakery-tvOS";
				PRODUCT_NAME = Fakery;
				SDKROOT = appletvos;
				SKIP_INSTALL = YES;
				SWIFT_SWIFT3_OBJC_INFERENCE = Default;
				SWIFT_VERSION = 5.0;
				TARGETED_DEVICE_FAMILY = 3;
				TVOS_DEPLOYMENT_TARGET = 9.0;
			};
			name = Release;
		};
/* End XCBuildConfiguration section */

/* Begin XCConfigurationList section */
		BC827FBD1BFA3CE1005F09A4 /* Build configuration list for PBXNativeTarget "Fakery-macOS" */ = {
			isa = XCConfigurationList;
			buildConfigurations = (
				BC827FB91BFA3CE1005F09A4 /* Debug */,
				BC827FBA1BFA3CE1005F09A4 /* Release */,
			);
			defaultConfigurationIsVisible = 0;
			defaultConfigurationName = Release;
		};
		BC827FBE1BFA3CE1005F09A4 /* Build configuration list for PBXNativeTarget "Fakery-macOS-Tests" */ = {
			isa = XCConfigurationList;
			buildConfigurations = (
				BC827FBB1BFA3CE1005F09A4 /* Debug */,
				BC827FBC1BFA3CE1005F09A4 /* Release */,
			);
			defaultConfigurationIsVisible = 0;
			defaultConfigurationName = Release;
		};
		BCF0DF341BF9F77E00427DB4 /* Build configuration list for PBXProject "Fakery" */ = {
			isa = XCConfigurationList;
			buildConfigurations = (
				BCF0DF4C1BF9F77E00427DB4 /* Debug */,
				BCF0DF4D1BF9F77E00427DB4 /* Release */,
			);
			defaultConfigurationIsVisible = 0;
			defaultConfigurationName = Release;
		};
		BCF0DF4E1BF9F77E00427DB4 /* Build configuration list for PBXNativeTarget "Fakery-iOS" */ = {
			isa = XCConfigurationList;
			buildConfigurations = (
				BCF0DF4F1BF9F77E00427DB4 /* Debug */,
				BCF0DF501BF9F77E00427DB4 /* Release */,
			);
			defaultConfigurationIsVisible = 0;
			defaultConfigurationName = Release;
		};
		BCF0DF511BF9F77E00427DB4 /* Build configuration list for PBXNativeTarget "Fakery-iOS-Tests" */ = {
			isa = XCConfigurationList;
			buildConfigurations = (
				BCF0DF521BF9F77E00427DB4 /* Debug */,
				BCF0DF531BF9F77E00427DB4 /* Release */,
			);
			defaultConfigurationIsVisible = 0;
			defaultConfigurationName = Release;
		};
		BDC2912D1D9441F2007DA2FC /* Build configuration list for PBXNativeTarget "Fakery-tvOS" */ = {
			isa = XCConfigurationList;
			buildConfigurations = (
				BDC2912E1D9441F2007DA2FC /* Debug */,
				BDC2912F1D9441F2007DA2FC /* Release */,
			);
			defaultConfigurationIsVisible = 0;
			defaultConfigurationName = Release;
		};
/* End XCConfigurationList section */
	};
	rootObject = BCF0DF311BF9F77E00427DB4 /* Project object */;
}
